
Microsoft Visual Studio Solution File, Format Version 12.00
# Visual Studio Version 16
VisualStudioVersion = 16.0.29609.76
MinimumVisualStudioVersion = 10.0.40219.1
Project("{8BC9CEB8-8B4A-11D0-8D11-00A0C91BC942}") = "gix-ide", "gix-ide\gix-ide.vcxproj", "{B12702AD-ABFB-343A-A199-8E24837244A3}"
	ProjectSection(ProjectDependencies) = postProject
		{84F81324-7647-4D7C-907B-B8E418F88B94} = {84F81324-7647-4D7C-907B-B8E418F88B94}
		{F501313D-9C68-4164-80C3-E21CA3837E47} = {F501313D-9C68-4164-80C3-E21CA3837E47}
		{84023848-DE04-4EEF-86FC-D515D0A82842} = {84023848-DE04-4EEF-86FC-D515D0A82842}
		{C9ED4948-CA5B-4E8A-A4A8-EF54C13B19EA} = {C9ED4948-CA5B-4E8A-A4A8-EF54C13B19EA}
		{C8BB29A7-CC21-4811-95DE-14C24A64DF5E} = {C8BB29A7-CC21-4811-95DE-14C24A64DF5E}
		{B72379BA-EAE0-34E1-8D1B-8B57149215EC} = {B72379BA-EAE0-34E1-8D1B-8B57149215EC}
		{63FDBCCD-8254-479C-A19F-5DAC3A0B9910} = {63FDBCCD-8254-479C-A19F-5DAC3A0B9910}
		{32B591D5-5AE7-431C-85F9-552B77EA08A3} = {32B591D5-5AE7-431C-85F9-552B77EA08A3}
		{A338B6DF-8F61-4A29-9225-510235D795A0} = {A338B6DF-8F61-4A29-9225-510235D795A0}
		{6695E5F3-6160-35AA-9554-8DA5A85BADB8} = {6695E5F3-6160-35AA-9554-8DA5A85BADB8}
	EndProjectSection
EndProject
Project("{2150E333-8FDC-42A3-9474-1A3956D46DE8}") = "gixsql", "gixsql", "{CA214231-A8B6-4FBA-B3AE-3FE5CAF64A38}"
EndProject
Project("{8BC9CEB8-8B4A-11D0-8D11-00A0C91BC942}") = "libgixsql", "gixsql\libgixsql\libgixsql-cpp.vcxproj", "{F501313D-9C68-4164-80C3-E21CA3837E47}"
EndProject
Project("{8BC9CEB8-8B4A-11D0-8D11-00A0C91BC942}") = "libgixsql-mysql", "gixsql\libgixsql-mysql\libgixsql-mysql.vcxproj", "{63FDBCCD-8254-479C-A19F-5DAC3A0B9910}"
EndProject
Project("{8BC9CEB8-8B4A-11D0-8D11-00A0C91BC942}") = "libgixsql-odbc", "gixsql\libgixsql-odbc\libgixsql-odbc.vcxproj", "{C8BB29A7-CC21-4811-95DE-14C24A64DF5E}"
EndProject
Project("{8BC9CEB8-8B4A-11D0-8D11-00A0C91BC942}") = "libgixsql-pgsql", "gixsql\libgixsql-pgsql\libgixsql-pgsql.vcxproj", "{C9ED4948-CA5B-4E8A-A4A8-EF54C13B19EA}"
EndProject
Project("{8BC9CEB8-8B4A-11D0-8D11-00A0C91BC942}") = "gix-http", "gix-http\gix-http.vcxproj", "{84F81324-7647-4D7C-907B-B8E418F88B94}"
	ProjectSection(ProjectDependencies) = postProject
		{32B591D5-5AE7-431C-85F9-552B77EA08A3} = {32B591D5-5AE7-431C-85F9-552B77EA08A3}
	EndProjectSection
EndProject
Project("{8BC9CEB8-8B4A-11D0-8D11-00A0C91BC942}") = "gix-common", "gix-common\gix-common.vcxproj", "{32B591D5-5AE7-431C-85F9-552B77EA08A3}"
EndProject
Project("{2150E333-8FDC-42A3-9474-1A3956D46DE8}") = "tools", "tools", "{03E0162F-A04E-40F0-94A8-6E897A00EFB7}"
EndProject
Project("{8BC9CEB8-8B4A-11D0-8D11-00A0C91BC942}") = "gixpp", "gixpp\gixpp.vcxproj", "{8A974CEA-90EE-49B7-BCA7-75DD85CFDE7F}"
	ProjectSection(ProjectDependencies) = postProject
		{84023848-DE04-4EEF-86FC-D515D0A82842} = {84023848-DE04-4EEF-86FC-D515D0A82842}
		{A338B6DF-8F61-4A29-9225-510235D795A0} = {A338B6DF-8F61-4A29-9225-510235D795A0}
	EndProjectSection
EndProject
Project("{2150E333-8FDC-42A3-9474-1A3956D46DE8}") = "static", "static", "{DFBBE7C7-A0DF-4483-8B6B-2EDCDC67F4EA}"
EndProject
Project("{8BC9CEB8-8B4A-11D0-8D11-00A0C91BC942}") = "libgixpp", "libgixpp\libgixpp.vcxproj", "{84023848-DE04-4EEF-86FC-D515D0A82842}"
EndProject
Project("{8BC9CEB8-8B4A-11D0-8D11-00A0C91BC942}") = "libgixutils", "libgixutils\libgixutils.vcxproj", "{A338B6DF-8F61-4A29-9225-510235D795A0}"
EndProject
Project("{8BC9CEB8-8B4A-11D0-8D11-00A0C91BC942}") = "dwarf-static", "libs\libdwarf\libdwarf\dwarf-static.vcxproj", "{B72379BA-EAE0-34E1-8D1B-8B57149215EC}"
EndProject
Project("{8BC9CEB8-8B4A-11D0-8D11-00A0C91BC942}") = "ScintillaEdit", "libs\scintilla\qt\ScintillaEdit\ScintillaEdit.vcxproj", "{6695E5F3-6160-35AA-9554-8DA5A85BADB8}"
EndProject
Global
	GlobalSection(SolutionConfigurationPlatforms) = preSolution
		Debug|Any CPU = Debug|Any CPU
		Debug|Win32 = Debug|Win32
		Debug|x64 = Debug|x64
		MinSizeRel|Any CPU = MinSizeRel|Any CPU
		MinSizeRel|Win32 = MinSizeRel|Win32
		MinSizeRel|x64 = MinSizeRel|x64
		Release|Any CPU = Release|Any CPU
		Release|Win32 = Release|Win32
		Release|x64 = Release|x64
		RelWithDebInfo|Any CPU = RelWithDebInfo|Any CPU
		RelWithDebInfo|Win32 = RelWithDebInfo|Win32
		RelWithDebInfo|x64 = RelWithDebInfo|x64
	EndGlobalSection
	GlobalSection(ProjectConfigurationPlatforms) = postSolution
		{B12702AD-ABFB-343A-A199-8E24837244A3}.Debug|Any CPU.ActiveCfg = Debug|x64
		{B12702AD-ABFB-343A-A199-8E24837244A3}.Debug|Any CPU.Build.0 = Debug|x64
		{B12702AD-ABFB-343A-A199-8E24837244A3}.Debug|Win32.ActiveCfg = Debug|Win32
		{B12702AD-ABFB-343A-A199-8E24837244A3}.Debug|Win32.Build.0 = Debug|Win32
		{B12702AD-ABFB-343A-A199-8E24837244A3}.Debug|x64.ActiveCfg = Debug|x64
		{B12702AD-ABFB-343A-A199-8E24837244A3}.Debug|x64.Build.0 = Debug|x64
		{B12702AD-ABFB-343A-A199-8E24837244A3}.MinSizeRel|Any CPU.ActiveCfg = Release|x64
		{B12702AD-ABFB-343A-A199-8E24837244A3}.MinSizeRel|Any CPU.Build.0 = Release|x64
		{B12702AD-ABFB-343A-A199-8E24837244A3}.MinSizeRel|Win32.ActiveCfg = Release|x64
		{B12702AD-ABFB-343A-A199-8E24837244A3}.MinSizeRel|Win32.Build.0 = Release|x64
		{B12702AD-ABFB-343A-A199-8E24837244A3}.MinSizeRel|x64.ActiveCfg = Release|x64
		{B12702AD-ABFB-343A-A199-8E24837244A3}.MinSizeRel|x64.Build.0 = Release|x64
		{B12702AD-ABFB-343A-A199-8E24837244A3}.Release|Any CPU.ActiveCfg = Release|x64
		{B12702AD-ABFB-343A-A199-8E24837244A3}.Release|Any CPU.Build.0 = Release|x64
		{B12702AD-ABFB-343A-A199-8E24837244A3}.Release|Win32.ActiveCfg = Release|Win32
		{B12702AD-ABFB-343A-A199-8E24837244A3}.Release|Win32.Build.0 = Release|Win32
		{B12702AD-ABFB-343A-A199-8E24837244A3}.Release|x64.ActiveCfg = Release|x64
		{B12702AD-ABFB-343A-A199-8E24837244A3}.Release|x64.Build.0 = Release|x64
		{B12702AD-ABFB-343A-A199-8E24837244A3}.RelWithDebInfo|Any CPU.ActiveCfg = Release|x64
		{B12702AD-ABFB-343A-A199-8E24837244A3}.RelWithDebInfo|Any CPU.Build.0 = Release|x64
		{B12702AD-ABFB-343A-A199-8E24837244A3}.RelWithDebInfo|Win32.ActiveCfg = Release|x64
		{B12702AD-ABFB-343A-A199-8E24837244A3}.RelWithDebInfo|Win32.Build.0 = Release|x64
		{B12702AD-ABFB-343A-A199-8E24837244A3}.RelWithDebInfo|x64.ActiveCfg = Release|x64
		{B12702AD-ABFB-343A-A199-8E24837244A3}.RelWithDebInfo|x64.Build.0 = Release|x64
		{F501313D-9C68-4164-80C3-E21CA3837E47}.Debug|Any CPU.ActiveCfg = Debug|Win32
		{F501313D-9C68-4164-80C3-E21CA3837E47}.Debug|Any CPU.Build.0 = Debug|Win32
		{F501313D-9C68-4164-80C3-E21CA3837E47}.Debug|Win32.ActiveCfg = Debug|Win32
		{F501313D-9C68-4164-80C3-E21CA3837E47}.Debug|Win32.Build.0 = Debug|Win32
		{F501313D-9C68-4164-80C3-E21CA3837E47}.Debug|x64.ActiveCfg = Debug|x64
		{F501313D-9C68-4164-80C3-E21CA3837E47}.Debug|x64.Build.0 = Debug|x64
		{F501313D-9C68-4164-80C3-E21CA3837E47}.MinSizeRel|Any CPU.ActiveCfg = Release|x64
		{F501313D-9C68-4164-80C3-E21CA3837E47}.MinSizeRel|Any CPU.Build.0 = Release|x64
		{F501313D-9C68-4164-80C3-E21CA3837E47}.MinSizeRel|Win32.ActiveCfg = Release|Win32
		{F501313D-9C68-4164-80C3-E21CA3837E47}.MinSizeRel|Win32.Build.0 = Release|Win32
		{F501313D-9C68-4164-80C3-E21CA3837E47}.MinSizeRel|x64.ActiveCfg = Release|x64
		{F501313D-9C68-4164-80C3-E21CA3837E47}.MinSizeRel|x64.Build.0 = Release|x64
		{F501313D-9C68-4164-80C3-E21CA3837E47}.Release|Any CPU.ActiveCfg = Release|Win32
		{F501313D-9C68-4164-80C3-E21CA3837E47}.Release|Any CPU.Build.0 = Release|Win32
		{F501313D-9C68-4164-80C3-E21CA3837E47}.Release|Win32.ActiveCfg = Release|Win32
		{F501313D-9C68-4164-80C3-E21CA3837E47}.Release|Win32.Build.0 = Release|Win32
		{F501313D-9C68-4164-80C3-E21CA3837E47}.Release|x64.ActiveCfg = Release|x64
		{F501313D-9C68-4164-80C3-E21CA3837E47}.Release|x64.Build.0 = Release|x64
		{F501313D-9C68-4164-80C3-E21CA3837E47}.RelWithDebInfo|Any CPU.ActiveCfg = Release|x64
		{F501313D-9C68-4164-80C3-E21CA3837E47}.RelWithDebInfo|Any CPU.Build.0 = Release|x64
		{F501313D-9C68-4164-80C3-E21CA3837E47}.RelWithDebInfo|Win32.ActiveCfg = Release|Win32
		{F501313D-9C68-4164-80C3-E21CA3837E47}.RelWithDebInfo|Win32.Build.0 = Release|Win32
		{F501313D-9C68-4164-80C3-E21CA3837E47}.RelWithDebInfo|x64.ActiveCfg = Release|x64
		{F501313D-9C68-4164-80C3-E21CA3837E47}.RelWithDebInfo|x64.Build.0 = Release|x64
		{63FDBCCD-8254-479C-A19F-5DAC3A0B9910}.Debug|Any CPU.ActiveCfg = Debug|Win32
		{63FDBCCD-8254-479C-A19F-5DAC3A0B9910}.Debug|Any CPU.Build.0 = Debug|Win32
		{63FDBCCD-8254-479C-A19F-5DAC3A0B9910}.Debug|Win32.ActiveCfg = Debug|Win32
		{63FDBCCD-8254-479C-A19F-5DAC3A0B9910}.Debug|Win32.Build.0 = Debug|Win32
		{63FDBCCD-8254-479C-A19F-5DAC3A0B9910}.Debug|x64.ActiveCfg = Debug|x64
		{63FDBCCD-8254-479C-A19F-5DAC3A0B9910}.Debug|x64.Build.0 = Debug|x64
		{63FDBCCD-8254-479C-A19F-5DAC3A0B9910}.MinSizeRel|Any CPU.ActiveCfg = Release|x64
		{63FDBCCD-8254-479C-A19F-5DAC3A0B9910}.MinSizeRel|Any CPU.Build.0 = Release|x64
		{63FDBCCD-8254-479C-A19F-5DAC3A0B9910}.MinSizeRel|Win32.ActiveCfg = Release|Win32
		{63FDBCCD-8254-479C-A19F-5DAC3A0B9910}.MinSizeRel|Win32.Build.0 = Release|Win32
		{63FDBCCD-8254-479C-A19F-5DAC3A0B9910}.MinSizeRel|x64.ActiveCfg = Release|x64
		{63FDBCCD-8254-479C-A19F-5DAC3A0B9910}.MinSizeRel|x64.Build.0 = Release|x64
		{63FDBCCD-8254-479C-A19F-5DAC3A0B9910}.Release|Any CPU.ActiveCfg = Release|Win32
		{63FDBCCD-8254-479C-A19F-5DAC3A0B9910}.Release|Any CPU.Build.0 = Release|Win32
		{63FDBCCD-8254-479C-A19F-5DAC3A0B9910}.Release|Win32.ActiveCfg = Release|Win32
		{63FDBCCD-8254-479C-A19F-5DAC3A0B9910}.Release|Win32.Build.0 = Release|Win32
		{63FDBCCD-8254-479C-A19F-5DAC3A0B9910}.Release|x64.ActiveCfg = Release|x64
		{63FDBCCD-8254-479C-A19F-5DAC3A0B9910}.Release|x64.Build.0 = Release|x64
		{63FDBCCD-8254-479C-A19F-5DAC3A0B9910}.RelWithDebInfo|Any CPU.ActiveCfg = Release|x64
		{63FDBCCD-8254-479C-A19F-5DAC3A0B9910}.RelWithDebInfo|Any CPU.Build.0 = Release|x64
		{63FDBCCD-8254-479C-A19F-5DAC3A0B9910}.RelWithDebInfo|Win32.ActiveCfg = Release|Win32
		{63FDBCCD-8254-479C-A19F-5DAC3A0B9910}.RelWithDebInfo|Win32.Build.0 = Release|Win32
		{63FDBCCD-8254-479C-A19F-5DAC3A0B9910}.RelWithDebInfo|x64.ActiveCfg = Release|x64
		{63FDBCCD-8254-479C-A19F-5DAC3A0B9910}.RelWithDebInfo|x64.Build.0 = Release|x64
		{C8BB29A7-CC21-4811-95DE-14C24A64DF5E}.Debug|Any CPU.ActiveCfg = Debug|Win32
		{C8BB29A7-CC21-4811-95DE-14C24A64DF5E}.Debug|Any CPU.Build.0 = Debug|Win32
		{C8BB29A7-CC21-4811-95DE-14C24A64DF5E}.Debug|Win32.ActiveCfg = Debug|Win32
		{C8BB29A7-CC21-4811-95DE-14C24A64DF5E}.Debug|Win32.Build.0 = Debug|Win32
		{C8BB29A7-CC21-4811-95DE-14C24A64DF5E}.Debug|x64.ActiveCfg = Debug|x64
		{C8BB29A7-CC21-4811-95DE-14C24A64DF5E}.Debug|x64.Build.0 = Debug|x64
		{C8BB29A7-CC21-4811-95DE-14C24A64DF5E}.MinSizeRel|Any CPU.ActiveCfg = Release|x64
		{C8BB29A7-CC21-4811-95DE-14C24A64DF5E}.MinSizeRel|Any CPU.Build.0 = Release|x64
		{C8BB29A7-CC21-4811-95DE-14C24A64DF5E}.MinSizeRel|Win32.ActiveCfg = Release|Win32
		{C8BB29A7-CC21-4811-95DE-14C24A64DF5E}.MinSizeRel|Win32.Build.0 = Release|Win32
		{C8BB29A7-CC21-4811-95DE-14C24A64DF5E}.MinSizeRel|x64.ActiveCfg = Release|x64
		{C8BB29A7-CC21-4811-95DE-14C24A64DF5E}.MinSizeRel|x64.Build.0 = Release|x64
		{C8BB29A7-CC21-4811-95DE-14C24A64DF5E}.Release|Any CPU.ActiveCfg = Release|Win32
		{C8BB29A7-CC21-4811-95DE-14C24A64DF5E}.Release|Any CPU.Build.0 = Release|Win32
		{C8BB29A7-CC21-4811-95DE-14C24A64DF5E}.Release|Win32.ActiveCfg = Release|Win32
		{C8BB29A7-CC21-4811-95DE-14C24A64DF5E}.Release|Win32.Build.0 = Release|Win32
		{C8BB29A7-CC21-4811-95DE-14C24A64DF5E}.Release|x64.ActiveCfg = Release|x64
		{C8BB29A7-CC21-4811-95DE-14C24A64DF5E}.Release|x64.Build.0 = Release|x64
		{C8BB29A7-CC21-4811-95DE-14C24A64DF5E}.RelWithDebInfo|Any CPU.ActiveCfg = Release|x64
		{C8BB29A7-CC21-4811-95DE-14C24A64DF5E}.RelWithDebInfo|Any CPU.Build.0 = Release|x64
		{C8BB29A7-CC21-4811-95DE-14C24A64DF5E}.RelWithDebInfo|Win32.ActiveCfg = Release|Win32
		{C8BB29A7-CC21-4811-95DE-14C24A64DF5E}.RelWithDebInfo|Win32.Build.0 = Release|Win32
		{C8BB29A7-CC21-4811-95DE-14C24A64DF5E}.RelWithDebInfo|x64.ActiveCfg = Release|x64
		{C8BB29A7-CC21-4811-95DE-14C24A64DF5E}.RelWithDebInfo|x64.Build.0 = Release|x64
		{C9ED4948-CA5B-4E8A-A4A8-EF54C13B19EA}.Debug|Any CPU.ActiveCfg = Debug|Win32
		{C9ED4948-CA5B-4E8A-A4A8-EF54C13B19EA}.Debug|Any CPU.Build.0 = Debug|Win32
		{C9ED4948-CA5B-4E8A-A4A8-EF54C13B19EA}.Debug|Win32.ActiveCfg = Debug|Win32
		{C9ED4948-CA5B-4E8A-A4A8-EF54C13B19EA}.Debug|Win32.Build.0 = Debug|Win32
		{C9ED4948-CA5B-4E8A-A4A8-EF54C13B19EA}.Debug|x64.ActiveCfg = Debug|x64
		{C9ED4948-CA5B-4E8A-A4A8-EF54C13B19EA}.Debug|x64.Build.0 = Debug|x64
		{C9ED4948-CA5B-4E8A-A4A8-EF54C13B19EA}.MinSizeRel|Any CPU.ActiveCfg = Release|x64
		{C9ED4948-CA5B-4E8A-A4A8-EF54C13B19EA}.MinSizeRel|Any CPU.Build.0 = Release|x64
		{C9ED4948-CA5B-4E8A-A4A8-EF54C13B19EA}.MinSizeRel|Win32.ActiveCfg = Release|Win32
		{C9ED4948-CA5B-4E8A-A4A8-EF54C13B19EA}.MinSizeRel|Win32.Build.0 = Release|Win32
		{C9ED4948-CA5B-4E8A-A4A8-EF54C13B19EA}.MinSizeRel|x64.ActiveCfg = Release|x64
		{C9ED4948-CA5B-4E8A-A4A8-EF54C13B19EA}.MinSizeRel|x64.Build.0 = Release|x64
		{C9ED4948-CA5B-4E8A-A4A8-EF54C13B19EA}.Release|Any CPU.ActiveCfg = Release|Win32
		{C9ED4948-CA5B-4E8A-A4A8-EF54C13B19EA}.Release|Any CPU.Build.0 = Release|Win32
		{C9ED4948-CA5B-4E8A-A4A8-EF54C13B19EA}.Release|Win32.ActiveCfg = Release|Win32
		{C9ED4948-CA5B-4E8A-A4A8-EF54C13B19EA}.Release|Win32.Build.0 = Release|Win32
		{C9ED4948-CA5B-4E8A-A4A8-EF54C13B19EA}.Release|x64.ActiveCfg = Release|x64
		{C9ED4948-CA5B-4E8A-A4A8-EF54C13B19EA}.Release|x64.Build.0 = Release|x64
		{C9ED4948-CA5B-4E8A-A4A8-EF54C13B19EA}.RelWithDebInfo|Any CPU.ActiveCfg = Release|x64
		{C9ED4948-CA5B-4E8A-A4A8-EF54C13B19EA}.RelWithDebInfo|Any CPU.Build.0 = Release|x64
		{C9ED4948-CA5B-4E8A-A4A8-EF54C13B19EA}.RelWithDebInfo|Win32.ActiveCfg = Release|Win32
		{C9ED4948-CA5B-4E8A-A4A8-EF54C13B19EA}.RelWithDebInfo|Win32.Build.0 = Release|Win32
		{C9ED4948-CA5B-4E8A-A4A8-EF54C13B19EA}.RelWithDebInfo|x64.ActiveCfg = Release|x64
		{C9ED4948-CA5B-4E8A-A4A8-EF54C13B19EA}.RelWithDebInfo|x64.Build.0 = Release|x64
		{84F81324-7647-4D7C-907B-B8E418F88B94}.Debug|Any CPU.ActiveCfg = Debug|x64
		{84F81324-7647-4D7C-907B-B8E418F88B94}.Debug|Win32.ActiveCfg = Debug|Win32
		{84F81324-7647-4D7C-907B-B8E418F88B94}.Debug|Win32.Build.0 = Debug|Win32
		{84F81324-7647-4D7C-907B-B8E418F88B94}.Debug|x64.ActiveCfg = Debug|x64
		{84F81324-7647-4D7C-907B-B8E418F88B94}.Debug|x64.Build.0 = Debug|x64
		{84F81324-7647-4D7C-907B-B8E418F88B94}.MinSizeRel|Any CPU.ActiveCfg = Release|x64
		{84F81324-7647-4D7C-907B-B8E418F88B94}.MinSizeRel|Any CPU.Build.0 = Release|x64
		{84F81324-7647-4D7C-907B-B8E418F88B94}.MinSizeRel|Win32.ActiveCfg = Release|x64
		{84F81324-7647-4D7C-907B-B8E418F88B94}.MinSizeRel|Win32.Build.0 = Release|x64
		{84F81324-7647-4D7C-907B-B8E418F88B94}.MinSizeRel|x64.ActiveCfg = Release|x64
		{84F81324-7647-4D7C-907B-B8E418F88B94}.MinSizeRel|x64.Build.0 = Release|x64
		{84F81324-7647-4D7C-907B-B8E418F88B94}.Release|Any CPU.ActiveCfg = Release|x64
		{84F81324-7647-4D7C-907B-B8E418F88B94}.Release|Win32.ActiveCfg = Release|Win32
		{84F81324-7647-4D7C-907B-B8E418F88B94}.Release|Win32.Build.0 = Release|Win32
		{84F81324-7647-4D7C-907B-B8E418F88B94}.Release|x64.ActiveCfg = Release|x64
		{84F81324-7647-4D7C-907B-B8E418F88B94}.Release|x64.Build.0 = Release|x64
		{84F81324-7647-4D7C-907B-B8E418F88B94}.RelWithDebInfo|Any CPU.ActiveCfg = Release|x64
		{84F81324-7647-4D7C-907B-B8E418F88B94}.RelWithDebInfo|Any CPU.Build.0 = Release|x64
		{84F81324-7647-4D7C-907B-B8E418F88B94}.RelWithDebInfo|Win32.ActiveCfg = Release|x64
		{84F81324-7647-4D7C-907B-B8E418F88B94}.RelWithDebInfo|Win32.Build.0 = Release|x64
		{84F81324-7647-4D7C-907B-B8E418F88B94}.RelWithDebInfo|x64.ActiveCfg = Release|x64
		{84F81324-7647-4D7C-907B-B8E418F88B94}.RelWithDebInfo|x64.Build.0 = Release|x64
		{32B591D5-5AE7-431C-85F9-552B77EA08A3}.Debug|Any CPU.ActiveCfg = Debug|x64
		{32B591D5-5AE7-431C-85F9-552B77EA08A3}.Debug|Win32.ActiveCfg = Debug|Win32
		{32B591D5-5AE7-431C-85F9-552B77EA08A3}.Debug|Win32.Build.0 = Debug|Win32
		{32B591D5-5AE7-431C-85F9-552B77EA08A3}.Debug|x64.ActiveCfg = Debug|x64
		{32B591D5-5AE7-431C-85F9-552B77EA08A3}.Debug|x64.Build.0 = Debug|x64
		{32B591D5-5AE7-431C-85F9-552B77EA08A3}.MinSizeRel|Any CPU.ActiveCfg = Release|x64
		{32B591D5-5AE7-431C-85F9-552B77EA08A3}.MinSizeRel|Any CPU.Build.0 = Release|x64
		{32B591D5-5AE7-431C-85F9-552B77EA08A3}.MinSizeRel|Win32.ActiveCfg = Release|x64
		{32B591D5-5AE7-431C-85F9-552B77EA08A3}.MinSizeRel|Win32.Build.0 = Release|x64
		{32B591D5-5AE7-431C-85F9-552B77EA08A3}.MinSizeRel|x64.ActiveCfg = Release|x64
		{32B591D5-5AE7-431C-85F9-552B77EA08A3}.MinSizeRel|x64.Build.0 = Release|x64
		{32B591D5-5AE7-431C-85F9-552B77EA08A3}.Release|Any CPU.ActiveCfg = Release|x64
		{32B591D5-5AE7-431C-85F9-552B77EA08A3}.Release|Win32.ActiveCfg = Release|Win32
		{32B591D5-5AE7-431C-85F9-552B77EA08A3}.Release|Win32.Build.0 = Release|Win32
		{32B591D5-5AE7-431C-85F9-552B77EA08A3}.Release|x64.ActiveCfg = Release|x64
		{32B591D5-5AE7-431C-85F9-552B77EA08A3}.Release|x64.Build.0 = Release|x64
		{32B591D5-5AE7-431C-85F9-552B77EA08A3}.RelWithDebInfo|Any CPU.ActiveCfg = Release|x64
		{32B591D5-5AE7-431C-85F9-552B77EA08A3}.RelWithDebInfo|Any CPU.Build.0 = Release|x64
		{32B591D5-5AE7-431C-85F9-552B77EA08A3}.RelWithDebInfo|Win32.ActiveCfg = Release|x64
		{32B591D5-5AE7-431C-85F9-552B77EA08A3}.RelWithDebInfo|Win32.Build.0 = Release|x64
		{32B591D5-5AE7-431C-85F9-552B77EA08A3}.RelWithDebInfo|x64.ActiveCfg = Release|x64
		{32B591D5-5AE7-431C-85F9-552B77EA08A3}.RelWithDebInfo|x64.Build.0 = Release|x64
		{8A974CEA-90EE-49B7-BCA7-75DD85CFDE7F}.Debug|Any CPU.ActiveCfg = Debug|x64
		{8A974CEA-90EE-49B7-BCA7-75DD85CFDE7F}.Debug|Win32.ActiveCfg = Debug|Win32
		{8A974CEA-90EE-49B7-BCA7-75DD85CFDE7F}.Debug|Win32.Build.0 = Debug|Win32
		{8A974CEA-90EE-49B7-BCA7-75DD85CFDE7F}.Debug|x64.ActiveCfg = Debug|x64
		{8A974CEA-90EE-49B7-BCA7-75DD85CFDE7F}.Debug|x64.Build.0 = Debug|x64
		{8A974CEA-90EE-49B7-BCA7-75DD85CFDE7F}.MinSizeRel|Any CPU.ActiveCfg = Release|x64
		{8A974CEA-90EE-49B7-BCA7-75DD85CFDE7F}.MinSizeRel|Any CPU.Build.0 = Release|x64
		{8A974CEA-90EE-49B7-BCA7-75DD85CFDE7F}.MinSizeRel|Win32.ActiveCfg = Release|x64
		{8A974CEA-90EE-49B7-BCA7-75DD85CFDE7F}.MinSizeRel|Win32.Build.0 = Release|x64
		{8A974CEA-90EE-49B7-BCA7-75DD85CFDE7F}.MinSizeRel|x64.ActiveCfg = Release|x64
		{8A974CEA-90EE-49B7-BCA7-75DD85CFDE7F}.MinSizeRel|x64.Build.0 = Release|x64
		{8A974CEA-90EE-49B7-BCA7-75DD85CFDE7F}.Release|Any CPU.ActiveCfg = Release|x64
		{8A974CEA-90EE-49B7-BCA7-75DD85CFDE7F}.Release|Win32.ActiveCfg = Release|Win32
		{8A974CEA-90EE-49B7-BCA7-75DD85CFDE7F}.Release|Win32.Build.0 = Release|Win32
		{8A974CEA-90EE-49B7-BCA7-75DD85CFDE7F}.Release|x64.ActiveCfg = Release|x64
		{8A974CEA-90EE-49B7-BCA7-75DD85CFDE7F}.Release|x64.Build.0 = Release|x64
		{8A974CEA-90EE-49B7-BCA7-75DD85CFDE7F}.RelWithDebInfo|Any CPU.ActiveCfg = Release|x64
		{8A974CEA-90EE-49B7-BCA7-75DD85CFDE7F}.RelWithDebInfo|Any CPU.Build.0 = Release|x64
		{8A974CEA-90EE-49B7-BCA7-75DD85CFDE7F}.RelWithDebInfo|Win32.ActiveCfg = Release|x64
		{8A974CEA-90EE-49B7-BCA7-75DD85CFDE7F}.RelWithDebInfo|Win32.Build.0 = Release|x64
		{8A974CEA-90EE-49B7-BCA7-75DD85CFDE7F}.RelWithDebInfo|x64.ActiveCfg = Release|x64
		{8A974CEA-90EE-49B7-BCA7-75DD85CFDE7F}.RelWithDebInfo|x64.Build.0 = Release|x64
		{84023848-DE04-4EEF-86FC-D515D0A82842}.Debug|Any CPU.ActiveCfg = Debug|x64
		{84023848-DE04-4EEF-86FC-D515D0A82842}.Debug|Win32.ActiveCfg = Debug|Win32
		{84023848-DE04-4EEF-86FC-D515D0A82842}.Debug|Win32.Build.0 = Debug|Win32
		{84023848-DE04-4EEF-86FC-D515D0A82842}.Debug|x64.ActiveCfg = Debug|x64
		{84023848-DE04-4EEF-86FC-D515D0A82842}.Debug|x64.Build.0 = Debug|x64
		{84023848-DE04-4EEF-86FC-D515D0A82842}.MinSizeRel|Any CPU.ActiveCfg = Release|x64
		{84023848-DE04-4EEF-86FC-D515D0A82842}.MinSizeRel|Any CPU.Build.0 = Release|x64
		{84023848-DE04-4EEF-86FC-D515D0A82842}.MinSizeRel|Win32.ActiveCfg = Release|x64
		{84023848-DE04-4EEF-86FC-D515D0A82842}.MinSizeRel|Win32.Build.0 = Release|x64
		{84023848-DE04-4EEF-86FC-D515D0A82842}.MinSizeRel|x64.ActiveCfg = Release|x64
		{84023848-DE04-4EEF-86FC-D515D0A82842}.MinSizeRel|x64.Build.0 = Release|x64
		{84023848-DE04-4EEF-86FC-D515D0A82842}.Release|Any CPU.ActiveCfg = Release|x64
		{84023848-DE04-4EEF-86FC-D515D0A82842}.Release|Win32.ActiveCfg = Release|Win32
		{84023848-DE04-4EEF-86FC-D515D0A82842}.Release|Win32.Build.0 = Release|Win32
		{84023848-DE04-4EEF-86FC-D515D0A82842}.Release|x64.ActiveCfg = Release|x64
		{84023848-DE04-4EEF-86FC-D515D0A82842}.Release|x64.Build.0 = Release|x64
		{84023848-DE04-4EEF-86FC-D515D0A82842}.RelWithDebInfo|Any CPU.ActiveCfg = Release|x64
		{84023848-DE04-4EEF-86FC-D515D0A82842}.RelWithDebInfo|Any CPU.Build.0 = Release|x64
		{84023848-DE04-4EEF-86FC-D515D0A82842}.RelWithDebInfo|Win32.ActiveCfg = Release|x64
		{84023848-DE04-4EEF-86FC-D515D0A82842}.RelWithDebInfo|Win32.Build.0 = Release|x64
		{84023848-DE04-4EEF-86FC-D515D0A82842}.RelWithDebInfo|x64.ActiveCfg = Release|x64
		{84023848-DE04-4EEF-86FC-D515D0A82842}.RelWithDebInfo|x64.Build.0 = Release|x64
		{A338B6DF-8F61-4A29-9225-510235D795A0}.Debug|Any CPU.ActiveCfg = Debug|x64
		{A338B6DF-8F61-4A29-9225-510235D795A0}.Debug|Win32.ActiveCfg = Debug|Win32
		{A338B6DF-8F61-4A29-9225-510235D795A0}.Debug|Win32.Build.0 = Debug|Win32
		{A338B6DF-8F61-4A29-9225-510235D795A0}.Debug|x64.ActiveCfg = Debug|x64
		{A338B6DF-8F61-4A29-9225-510235D795A0}.Debug|x64.Build.0 = Debug|x64
		{A338B6DF-8F61-4A29-9225-510235D795A0}.MinSizeRel|Any CPU.ActiveCfg = Release|x64
		{A338B6DF-8F61-4A29-9225-510235D795A0}.MinSizeRel|Any CPU.Build.0 = Release|x64
		{A338B6DF-8F61-4A29-9225-510235D795A0}.MinSizeRel|Win32.ActiveCfg = Release|x64
		{A338B6DF-8F61-4A29-9225-510235D795A0}.MinSizeRel|Win32.Build.0 = Release|x64
		{A338B6DF-8F61-4A29-9225-510235D795A0}.MinSizeRel|x64.ActiveCfg = Release|x64
		{A338B6DF-8F61-4A29-9225-510235D795A0}.MinSizeRel|x64.Build.0 = Release|x64
		{A338B6DF-8F61-4A29-9225-510235D795A0}.Release|Any CPU.ActiveCfg = Release|x64
		{A338B6DF-8F61-4A29-9225-510235D795A0}.Release|Win32.ActiveCfg = Release|Win32
		{A338B6DF-8F61-4A29-9225-510235D795A0}.Release|Win32.Build.0 = Release|Win32
		{A338B6DF-8F61-4A29-9225-510235D795A0}.Release|x64.ActiveCfg = Release|x64
		{A338B6DF-8F61-4A29-9225-510235D795A0}.Release|x64.Build.0 = Release|x64
		{A338B6DF-8F61-4A29-9225-510235D795A0}.RelWithDebInfo|Any CPU.ActiveCfg = Release|x64
		{A338B6DF-8F61-4A29-9225-510235D795A0}.RelWithDebInfo|Any CPU.Build.0 = Release|x64
		{A338B6DF-8F61-4A29-9225-510235D795A0}.RelWithDebInfo|Win32.ActiveCfg = Release|x64
		{A338B6DF-8F61-4A29-9225-510235D795A0}.RelWithDebInfo|Win32.Build.0 = Release|x64
		{A338B6DF-8F61-4A29-9225-510235D795A0}.RelWithDebInfo|x64.ActiveCfg = Release|x64
		{A338B6DF-8F61-4A29-9225-510235D795A0}.RelWithDebInfo|x64.Build.0 = Release|x64
		{B72379BA-EAE0-34E1-8D1B-8B57149215EC}.Debug|Any CPU.ActiveCfg = Debug|x64
		{B72379BA-EAE0-34E1-8D1B-8B57149215EC}.Debug|Win32.ActiveCfg = Debug|Win32
		{B72379BA-EAE0-34E1-8D1B-8B57149215EC}.Debug|Win32.Build.0 = Debug|Win32
		{B72379BA-EAE0-34E1-8D1B-8B57149215EC}.Debug|x64.ActiveCfg = Debug|x64
		{B72379BA-EAE0-34E1-8D1B-8B57149215EC}.Debug|x64.Build.0 = Debug|x64
		{B72379BA-EAE0-34E1-8D1B-8B57149215EC}.MinSizeRel|Any CPU.ActiveCfg = MinSizeRel|x64
		{B72379BA-EAE0-34E1-8D1B-8B57149215EC}.MinSizeRel|Win32.ActiveCfg = MinSizeRel|Win32
		{B72379BA-EAE0-34E1-8D1B-8B57149215EC}.MinSizeRel|x64.ActiveCfg = MinSizeRel|x64
		{B72379BA-EAE0-34E1-8D1B-8B57149215EC}.MinSizeRel|x64.Build.0 = MinSizeRel|x64
		{B72379BA-EAE0-34E1-8D1B-8B57149215EC}.Release|Any CPU.ActiveCfg = Release|x64
		{B72379BA-EAE0-34E1-8D1B-8B57149215EC}.Release|Win32.ActiveCfg = Release|Win32
		{B72379BA-EAE0-34E1-8D1B-8B57149215EC}.Release|Win32.Build.0 = Release|Win32
		{B72379BA-EAE0-34E1-8D1B-8B57149215EC}.Release|x64.ActiveCfg = Release|x64
		{B72379BA-EAE0-34E1-8D1B-8B57149215EC}.Release|x64.Build.0 = Release|x64
		{B72379BA-EAE0-34E1-8D1B-8B57149215EC}.RelWithDebInfo|Any CPU.ActiveCfg = RelWithDebInfo|x64
		{B72379BA-EAE0-34E1-8D1B-8B57149215EC}.RelWithDebInfo|Win32.ActiveCfg = RelWithDebInfo|x64
		{B72379BA-EAE0-34E1-8D1B-8B57149215EC}.RelWithDebInfo|x64.ActiveCfg = RelWithDebInfo|x64
		{B72379BA-EAE0-34E1-8D1B-8B57149215EC}.RelWithDebInfo|x64.Build.0 = RelWithDebInfo|x64
		{6695E5F3-6160-35AA-9554-8DA5A85BADB8}.Debug|Any CPU.ActiveCfg = Debug|x64
		{6695E5F3-6160-35AA-9554-8DA5A85BADB8}.Debug|Win32.ActiveCfg = Debug|Win32
		{6695E5F3-6160-35AA-9554-8DA5A85BADB8}.Debug|Win32.Build.0 = Debug|Win32
		{6695E5F3-6160-35AA-9554-8DA5A85BADB8}.Debug|x64.ActiveCfg = Debug|x64
		{6695E5F3-6160-35AA-9554-8DA5A85BADB8}.Debug|x64.Build.0 = Debug|x64
		{6695E5F3-6160-35AA-9554-8DA5A85BADB8}.MinSizeRel|Any CPU.ActiveCfg = Debug|x64
		{6695E5F3-6160-35AA-9554-8DA5A85BADB8}.MinSizeRel|Any CPU.Build.0 = Debug|x64
		{6695E5F3-6160-35AA-9554-8DA5A85BADB8}.MinSizeRel|Win32.ActiveCfg = Debug|x64
		{6695E5F3-6160-35AA-9554-8DA5A85BADB8}.MinSizeRel|Win32.Build.0 = Debug|x64
		{6695E5F3-6160-35AA-9554-8DA5A85BADB8}.MinSizeRel|x64.ActiveCfg = Debug|x64
		{6695E5F3-6160-35AA-9554-8DA5A85BADB8}.MinSizeRel|x64.Build.0 = Debug|x64
		{6695E5F3-6160-35AA-9554-8DA5A85BADB8}.Release|Any CPU.ActiveCfg = Release|x64
		{6695E5F3-6160-35AA-9554-8DA5A85BADB8}.Release|Win32.ActiveCfg = Release|Win32
		{6695E5F3-6160-35AA-9554-8DA5A85BADB8}.Release|Win32.Build.0 = Release|Win32
		{6695E5F3-6160-35AA-9554-8DA5A85BADB8}.Release|x64.ActiveCfg = Release|x64
		{6695E5F3-6160-35AA-9554-8DA5A85BADB8}.Release|x64.Build.0 = Release|x64
		{6695E5F3-6160-35AA-9554-8DA5A85BADB8}.RelWithDebInfo|Any CPU.ActiveCfg = Debug|x64
		{6695E5F3-6160-35AA-9554-8DA5A85BADB8}.RelWithDebInfo|Any CPU.Build.0 = Debug|x64
		{6695E5F3-6160-35AA-9554-8DA5A85BADB8}.RelWithDebInfo|Win32.ActiveCfg = Debug|x64
		{6695E5F3-6160-35AA-9554-8DA5A85BADB8}.RelWithDebInfo|Win32.Build.0 = Debug|x64
		{6695E5F3-6160-35AA-9554-8DA5A85BADB8}.RelWithDebInfo|x64.ActiveCfg = Release|x64
		{6695E5F3-6160-35AA-9554-8DA5A85BADB8}.RelWithDebInfo|x64.Build.0 = Release|x64
	EndGlobalSection
	GlobalSection(SolutionProperties) = preSolution
		HideSolutionNode = FALSE
	EndGlobalSection
	GlobalSection(NestedProjects) = preSolution
		{F501313D-9C68-4164-80C3-E21CA3837E47} = {CA214231-A8B6-4FBA-B3AE-3FE5CAF64A38}
		{63FDBCCD-8254-479C-A19F-5DAC3A0B9910} = {CA214231-A8B6-4FBA-B3AE-3FE5CAF64A38}
		{C8BB29A7-CC21-4811-95DE-14C24A64DF5E} = {CA214231-A8B6-4FBA-B3AE-3FE5CAF64A38}
		{C9ED4948-CA5B-4E8A-A4A8-EF54C13B19EA} = {CA214231-A8B6-4FBA-B3AE-3FE5CAF64A38}
		{8A974CEA-90EE-49B7-BCA7-75DD85CFDE7F} = {03E0162F-A04E-40F0-94A8-6E897A00EFB7}
		{84023848-DE04-4EEF-86FC-D515D0A82842} = {DFBBE7C7-A0DF-4483-8B6B-2EDCDC67F4EA}
		{A338B6DF-8F61-4A29-9225-510235D795A0} = {DFBBE7C7-A0DF-4483-8B6B-2EDCDC67F4EA}
		{B72379BA-EAE0-34E1-8D1B-8B57149215EC} = {DFBBE7C7-A0DF-4483-8B6B-2EDCDC67F4EA}
	EndGlobalSection
	GlobalSection(ExtensibilityGlobals) = postSolution
		Qt5Version = Qt_5.14_msvc64
		SolutionGuid = {0D846CBC-2353-409E-B512-D9DF7822A67A}
	EndGlobalSection
EndGlobal
