
Microsoft Visual Studio Solution File, Format Version 12.00
# Visual Studio Version 17
VisualStudioVersion = 17.3.32929.385
MinimumVisualStudioVersion = 10.0.40219.1
Project("{2150E333-8FDC-42A3-9474-1A3956D46DE8}") = "gixsql", "gixsql", "{CA214231-A8B6-4FBA-B3AE-3FE5CAF64A38}"
EndProject
Project("{8BC9CEB8-8B4A-11D0-8D11-00A0C91BC942}") = "gix-http", "gix-http\gix-http.vcxproj", "{84F81324-7647-4D7C-907B-B8E418F88B94}"
	ProjectSection(ProjectDependencies) = postProject
		{32B591D5-5AE7-431C-85F9-552B77EA08A3} = {32B591D5-5AE7-431C-85F9-552B77EA08A3}
	EndProjectSection
EndProject
Project("{8BC9CEB8-8B4A-11D0-8D11-00A0C91BC942}") = "gix-common", "gix-common\gix-common.vcxproj", "{32B591D5-5AE7-431C-85F9-552B77EA08A3}"
	ProjectSection(ProjectDependencies) = postProject
		{7C58891C-47A9-4269-97BE-4F3945B8F595} = {7C58891C-47A9-4269-97BE-4F3945B8F595}
		{F501313D-9C68-4164-80C3-E21CA3837E47} = {F501313D-9C68-4164-80C3-E21CA3837E47}
		{2D9B2EB8-CA93-410C-9359-CD44B5F9DD18} = {2D9B2EB8-CA93-410C-9359-CD44B5F9DD18}
	EndProjectSection
EndProject
Project("{2150E333-8FDC-42A3-9474-1A3956D46DE8}") = "static", "static", "{DFBBE7C7-A0DF-4483-8B6B-2EDCDC67F4EA}"
EndProject
Project("{8BC9CEB8-8B4A-11D0-8D11-00A0C91BC942}") = "libgixutils", "libgixutils\libgixutils.vcxproj", "{A338B6DF-8F61-4A29-9225-510235D795A0}"
EndProject
Project("{8BC9CEB8-8B4A-11D0-8D11-00A0C91BC942}") = "dwarf-static", "libs\libdwarf\libdwarf\dwarf-static.vcxproj", "{B72379BA-EAE0-34E1-8D1B-8B57149215EC}"
EndProject
Project("{8BC9CEB8-8B4A-11D0-8D11-00A0C91BC942}") = "ScintillaEdit", "libs\scintilla\qt\ScintillaEdit\ScintillaEdit.vcxproj", "{6695E5F3-6160-35AA-9554-8DA5A85BADB8}"
EndProject
Project("{8BC9CEB8-8B4A-11D0-8D11-00A0C91BC942}") = "gixpp", "gixsql\gixpp\gixpp.vcxproj", "{1BA5A886-6EC9-434A-8B66-AF29211B4499}"
EndProject
Project("{8BC9CEB8-8B4A-11D0-8D11-00A0C91BC942}") = "libcpputils", "gixsql\libcpputils\libcpputils.vcxproj", "{7C58891C-47A9-4269-97BE-4F3945B8F595}"
EndProject
Project("{8BC9CEB8-8B4A-11D0-8D11-00A0C91BC942}") = "libgixpp", "gixsql\libgixpp\libgixpp.vcxproj", "{2D9B2EB8-CA93-410C-9359-CD44B5F9DD18}"
EndProject
Project("{2150E333-8FDC-42A3-9474-1A3956D46DE8}") = "runtime", "runtime", "{F776960F-269A-4987-BE98-4EA1279F79D5}"
EndProject
Project("{8BC9CEB8-8B4A-11D0-8D11-00A0C91BC942}") = "libgixsql", "gixsql\runtime\libgixsql\libgixsql-cpp.vcxproj", "{F501313D-9C68-4164-80C3-E21CA3837E47}"
EndProject
Project("{8BC9CEB8-8B4A-11D0-8D11-00A0C91BC942}") = "libgixsql-mysql", "gixsql\runtime\libgixsql-mysql\libgixsql-mysql.vcxproj", "{63FDBCCD-8254-479C-A19F-5DAC3A0B9910}"
EndProject
Project("{8BC9CEB8-8B4A-11D0-8D11-00A0C91BC942}") = "libgixsql-odbc", "gixsql\runtime\libgixsql-odbc\libgixsql-odbc.vcxproj", "{C8BB29A7-CC21-4811-95DE-14C24A64DF5E}"
EndProject
Project("{8BC9CEB8-8B4A-11D0-8D11-00A0C91BC942}") = "libgixsql-pgsql", "gixsql\runtime\libgixsql-pgsql\libgixsql-pgsql.vcxproj", "{C9ED4948-CA5B-4E8A-A4A8-EF54C13B19EA}"
EndProject
Project("{8BC9CEB8-8B4A-11D0-8D11-00A0C91BC942}") = "gixdbgr", "gixdbgr\gixdbgr.vcxproj", "{FC64F4D2-65AA-45EE-8361-5BF7D338B424}"
EndProject
Project("{8BC9CEB8-8B4A-11D0-8D11-00A0C91BC942}") = "gix-debugger", "gix-debugger\gix-debugger.vcxproj", "{E76AE57A-6F95-4533-9C4E-FBDF01E502DC}"
	ProjectSection(ProjectDependencies) = postProject
		{B72379BA-EAE0-34E1-8D1B-8B57149215EC} = {B72379BA-EAE0-34E1-8D1B-8B57149215EC}
	EndProjectSection
EndProject
Project("{8BC9CEB8-8B4A-11D0-8D11-00A0C91BC942}") = "gix-debugger-client", "gix-debugger-client\gix-debugger-client.vcxproj", "{2C530E68-D228-48EE-9211-A3E77D71680C}"
EndProject
Project("{8BC9CEB8-8B4A-11D0-8D11-00A0C91BC942}") = "gix-debugger-common", "gix-debugger-common\gix-debugger-common.vcxproj", "{A0141B50-D29E-4195-A198-3EEC7CC56210}"
EndProject
Project("{2150E333-8FDC-42A3-9474-1A3956D46DE8}") = "debugger", "debugger", "{BC13654D-7D7A-4A09-89B5-0377ED267482}"
EndProject
Project("{8BC9CEB8-8B4A-11D0-8D11-00A0C91BC942}") = "linenoise-ng", "linenoise-ng\linenoise-ng.vcxproj", "{7C297DB2-0EE0-4DF7-861B-112E3DD22556}"
EndProject
Project("{8BC9CEB8-8B4A-11D0-8D11-00A0C91BC942}") = "gix-ide", "gix-ide\gix-ide.vcxproj", "{644161BD-57C3-43A8-92F4-7545799C1CD4}"
	ProjectSection(ProjectDependencies) = postProject
		{7C58891C-47A9-4269-97BE-4F3945B8F595} = {7C58891C-47A9-4269-97BE-4F3945B8F595}
		{F501313D-9C68-4164-80C3-E21CA3837E47} = {F501313D-9C68-4164-80C3-E21CA3837E47}
		{A0141B50-D29E-4195-A198-3EEC7CC56210} = {A0141B50-D29E-4195-A198-3EEC7CC56210}
		{2C530E68-D228-48EE-9211-A3E77D71680C} = {2C530E68-D228-48EE-9211-A3E77D71680C}
		{2D9B2EB8-CA93-410C-9359-CD44B5F9DD18} = {2D9B2EB8-CA93-410C-9359-CD44B5F9DD18}
		{32B591D5-5AE7-431C-85F9-552B77EA08A3} = {32B591D5-5AE7-431C-85F9-552B77EA08A3}
		{A338B6DF-8F61-4A29-9225-510235D795A0} = {A338B6DF-8F61-4A29-9225-510235D795A0}
		{6695E5F3-6160-35AA-9554-8DA5A85BADB8} = {6695E5F3-6160-35AA-9554-8DA5A85BADB8}
	EndProjectSection
EndProject
Project("{8BC9CEB8-8B4A-11D0-8D11-00A0C91BC942}") = "libgixsql-oracle", "gixsql\runtime\libgixsql-oracle\libgixsql-oracle.vcxproj", "{EECD5583-42BB-4A10-AF3B-4DC5CF419071}"
EndProject
Project("{8BC9CEB8-8B4A-11D0-8D11-00A0C91BC942}") = "libgixsql-sqlite", "gixsql\runtime\libgixsql-sqlite\libgixsql-sqlite.vcxproj", "{7B513404-5306-4F79-9124-FE588042858C}"
EndProject
Global
	GlobalSection(SolutionConfigurationPlatforms) = preSolution
		Debug|Any CPU = Debug|Any CPU
		Debug|Win32 = Debug|Win32
		Debug|x64 = Debug|x64
		Release|Any CPU = Release|Any CPU
		Release|Win32 = Release|Win32
		Release|x64 = Release|x64
	EndGlobalSection
	GlobalSection(ProjectConfigurationPlatforms) = postSolution
		{84F81324-7647-4D7C-907B-B8E418F88B94}.Debug|Any CPU.ActiveCfg = Debug|x64
		{84F81324-7647-4D7C-907B-B8E418F88B94}.Debug|Win32.ActiveCfg = Debug|Win32
		{84F81324-7647-4D7C-907B-B8E418F88B94}.Debug|Win32.Build.0 = Debug|Win32
		{84F81324-7647-4D7C-907B-B8E418F88B94}.Debug|x64.ActiveCfg = Debug|x64
		{84F81324-7647-4D7C-907B-B8E418F88B94}.Debug|x64.Build.0 = Debug|x64
		{84F81324-7647-4D7C-907B-B8E418F88B94}.Release|Any CPU.ActiveCfg = Release|x64
		{84F81324-7647-4D7C-907B-B8E418F88B94}.Release|Win32.ActiveCfg = Release|Win32
		{84F81324-7647-4D7C-907B-B8E418F88B94}.Release|Win32.Build.0 = Release|Win32
		{84F81324-7647-4D7C-907B-B8E418F88B94}.Release|x64.ActiveCfg = Release|x64
		{84F81324-7647-4D7C-907B-B8E418F88B94}.Release|x64.Build.0 = Release|x64
		{32B591D5-5AE7-431C-85F9-552B77EA08A3}.Debug|Any CPU.ActiveCfg = Debug|x64
		{32B591D5-5AE7-431C-85F9-552B77EA08A3}.Debug|Win32.ActiveCfg = Debug|Win32
		{32B591D5-5AE7-431C-85F9-552B77EA08A3}.Debug|Win32.Build.0 = Debug|Win32
		{32B591D5-5AE7-431C-85F9-552B77EA08A3}.Debug|x64.ActiveCfg = Debug|x64
		{32B591D5-5AE7-431C-85F9-552B77EA08A3}.Debug|x64.Build.0 = Debug|x64
		{32B591D5-5AE7-431C-85F9-552B77EA08A3}.Release|Any CPU.ActiveCfg = Release|x64
		{32B591D5-5AE7-431C-85F9-552B77EA08A3}.Release|Win32.ActiveCfg = Release|Win32
		{32B591D5-5AE7-431C-85F9-552B77EA08A3}.Release|Win32.Build.0 = Release|Win32
		{32B591D5-5AE7-431C-85F9-552B77EA08A3}.Release|x64.ActiveCfg = Release|x64
		{32B591D5-5AE7-431C-85F9-552B77EA08A3}.Release|x64.Build.0 = Release|x64
		{A338B6DF-8F61-4A29-9225-510235D795A0}.Debug|Any CPU.ActiveCfg = Debug|x64
		{A338B6DF-8F61-4A29-9225-510235D795A0}.Debug|Win32.ActiveCfg = Debug|Win32
		{A338B6DF-8F61-4A29-9225-510235D795A0}.Debug|Win32.Build.0 = Debug|Win32
		{A338B6DF-8F61-4A29-9225-510235D795A0}.Debug|x64.ActiveCfg = Debug|x64
		{A338B6DF-8F61-4A29-9225-510235D795A0}.Debug|x64.Build.0 = Debug|x64
		{A338B6DF-8F61-4A29-9225-510235D795A0}.Release|Any CPU.ActiveCfg = Release|x64
		{A338B6DF-8F61-4A29-9225-510235D795A0}.Release|Win32.ActiveCfg = Release|Win32
		{A338B6DF-8F61-4A29-9225-510235D795A0}.Release|Win32.Build.0 = Release|Win32
		{A338B6DF-8F61-4A29-9225-510235D795A0}.Release|x64.ActiveCfg = Release|x64
		{A338B6DF-8F61-4A29-9225-510235D795A0}.Release|x64.Build.0 = Release|x64
		{B72379BA-EAE0-34E1-8D1B-8B57149215EC}.Debug|Any CPU.ActiveCfg = Debug|x64
		{B72379BA-EAE0-34E1-8D1B-8B57149215EC}.Debug|Win32.ActiveCfg = Debug|Win32
		{B72379BA-EAE0-34E1-8D1B-8B57149215EC}.Debug|Win32.Build.0 = Debug|Win32
		{B72379BA-EAE0-34E1-8D1B-8B57149215EC}.Debug|x64.ActiveCfg = Debug|x64
		{B72379BA-EAE0-34E1-8D1B-8B57149215EC}.Debug|x64.Build.0 = Debug|x64
		{B72379BA-EAE0-34E1-8D1B-8B57149215EC}.Release|Any CPU.ActiveCfg = Release|x64
		{B72379BA-EAE0-34E1-8D1B-8B57149215EC}.Release|Win32.ActiveCfg = Release|Win32
		{B72379BA-EAE0-34E1-8D1B-8B57149215EC}.Release|Win32.Build.0 = Release|Win32
		{B72379BA-EAE0-34E1-8D1B-8B57149215EC}.Release|x64.ActiveCfg = Release|x64
		{B72379BA-EAE0-34E1-8D1B-8B57149215EC}.Release|x64.Build.0 = Release|x64
		{6695E5F3-6160-35AA-9554-8DA5A85BADB8}.Debug|Any CPU.ActiveCfg = Debug|x64
		{6695E5F3-6160-35AA-9554-8DA5A85BADB8}.Debug|Win32.ActiveCfg = Debug|Win32
		{6695E5F3-6160-35AA-9554-8DA5A85BADB8}.Debug|Win32.Build.0 = Debug|Win32
		{6695E5F3-6160-35AA-9554-8DA5A85BADB8}.Debug|x64.ActiveCfg = Debug|x64
		{6695E5F3-6160-35AA-9554-8DA5A85BADB8}.Debug|x64.Build.0 = Debug|x64
		{6695E5F3-6160-35AA-9554-8DA5A85BADB8}.Release|Any CPU.ActiveCfg = Release|x64
		{6695E5F3-6160-35AA-9554-8DA5A85BADB8}.Release|Win32.ActiveCfg = Release|Win32
		{6695E5F3-6160-35AA-9554-8DA5A85BADB8}.Release|Win32.Build.0 = Release|Win32
		{6695E5F3-6160-35AA-9554-8DA5A85BADB8}.Release|x64.ActiveCfg = Release|x64
		{6695E5F3-6160-35AA-9554-8DA5A85BADB8}.Release|x64.Build.0 = Release|x64
		{1BA5A886-6EC9-434A-8B66-AF29211B4499}.Debug|Any CPU.ActiveCfg = Debug|Win32
		{1BA5A886-6EC9-434A-8B66-AF29211B4499}.Debug|Win32.ActiveCfg = Debug|Win32
		{1BA5A886-6EC9-434A-8B66-AF29211B4499}.Debug|Win32.Build.0 = Debug|Win32
		{1BA5A886-6EC9-434A-8B66-AF29211B4499}.Debug|x64.ActiveCfg = Debug|x64
		{1BA5A886-6EC9-434A-8B66-AF29211B4499}.Debug|x64.Build.0 = Debug|x64
		{1BA5A886-6EC9-434A-8B66-AF29211B4499}.Release|Any CPU.ActiveCfg = Release|Win32
		{1BA5A886-6EC9-434A-8B66-AF29211B4499}.Release|Win32.ActiveCfg = Release|Win32
		{1BA5A886-6EC9-434A-8B66-AF29211B4499}.Release|Win32.Build.0 = Release|Win32
		{1BA5A886-6EC9-434A-8B66-AF29211B4499}.Release|x64.ActiveCfg = Release|x64
		{1BA5A886-6EC9-434A-8B66-AF29211B4499}.Release|x64.Build.0 = Release|x64
		{7C58891C-47A9-4269-97BE-4F3945B8F595}.Debug|Any CPU.ActiveCfg = Debug|Win32
		{7C58891C-47A9-4269-97BE-4F3945B8F595}.Debug|Win32.ActiveCfg = Debug|Win32
		{7C58891C-47A9-4269-97BE-4F3945B8F595}.Debug|Win32.Build.0 = Debug|Win32
		{7C58891C-47A9-4269-97BE-4F3945B8F595}.Debug|x64.ActiveCfg = Debug|x64
		{7C58891C-47A9-4269-97BE-4F3945B8F595}.Debug|x64.Build.0 = Debug|x64
		{7C58891C-47A9-4269-97BE-4F3945B8F595}.Release|Any CPU.ActiveCfg = Release|Win32
		{7C58891C-47A9-4269-97BE-4F3945B8F595}.Release|Win32.ActiveCfg = Release|Win32
		{7C58891C-47A9-4269-97BE-4F3945B8F595}.Release|Win32.Build.0 = Release|Win32
		{7C58891C-47A9-4269-97BE-4F3945B8F595}.Release|x64.ActiveCfg = Release|x64
		{7C58891C-47A9-4269-97BE-4F3945B8F595}.Release|x64.Build.0 = Release|x64
		{2D9B2EB8-CA93-410C-9359-CD44B5F9DD18}.Debug|Any CPU.ActiveCfg = Debug|Win32
		{2D9B2EB8-CA93-410C-9359-CD44B5F9DD18}.Debug|Win32.ActiveCfg = Debug|Win32
		{2D9B2EB8-CA93-410C-9359-CD44B5F9DD18}.Debug|Win32.Build.0 = Debug|Win32
		{2D9B2EB8-CA93-410C-9359-CD44B5F9DD18}.Debug|x64.ActiveCfg = Debug|x64
		{2D9B2EB8-CA93-410C-9359-CD44B5F9DD18}.Debug|x64.Build.0 = Debug|x64
		{2D9B2EB8-CA93-410C-9359-CD44B5F9DD18}.Release|Any CPU.ActiveCfg = Release|Win32
		{2D9B2EB8-CA93-410C-9359-CD44B5F9DD18}.Release|Win32.ActiveCfg = Release|Win32
		{2D9B2EB8-CA93-410C-9359-CD44B5F9DD18}.Release|Win32.Build.0 = Release|Win32
		{2D9B2EB8-CA93-410C-9359-CD44B5F9DD18}.Release|x64.ActiveCfg = Release|x64
		{2D9B2EB8-CA93-410C-9359-CD44B5F9DD18}.Release|x64.Build.0 = Release|x64
		{F501313D-9C68-4164-80C3-E21CA3837E47}.Debug|Any CPU.ActiveCfg = Debug|Win32
		{F501313D-9C68-4164-80C3-E21CA3837E47}.Debug|Win32.ActiveCfg = Debug|Win32
		{F501313D-9C68-4164-80C3-E21CA3837E47}.Debug|Win32.Build.0 = Debug|Win32
		{F501313D-9C68-4164-80C3-E21CA3837E47}.Debug|x64.ActiveCfg = Debug|x64
		{F501313D-9C68-4164-80C3-E21CA3837E47}.Debug|x64.Build.0 = Debug|x64
		{F501313D-9C68-4164-80C3-E21CA3837E47}.Release|Any CPU.ActiveCfg = Release|Win32
		{F501313D-9C68-4164-80C3-E21CA3837E47}.Release|Win32.ActiveCfg = Release|Win32
		{F501313D-9C68-4164-80C3-E21CA3837E47}.Release|Win32.Build.0 = Release|Win32
		{F501313D-9C68-4164-80C3-E21CA3837E47}.Release|x64.ActiveCfg = Release|x64
		{F501313D-9C68-4164-80C3-E21CA3837E47}.Release|x64.Build.0 = Release|x64
		{63FDBCCD-8254-479C-A19F-5DAC3A0B9910}.Debug|Any CPU.ActiveCfg = Debug|Win32
		{63FDBCCD-8254-479C-A19F-5DAC3A0B9910}.Debug|Win32.ActiveCfg = Debug|Win32
		{63FDBCCD-8254-479C-A19F-5DAC3A0B9910}.Debug|Win32.Build.0 = Debug|Win32
		{63FDBCCD-8254-479C-A19F-5DAC3A0B9910}.Debug|x64.ActiveCfg = Debug|x64
		{63FDBCCD-8254-479C-A19F-5DAC3A0B9910}.Debug|x64.Build.0 = Debug|x64
		{63FDBCCD-8254-479C-A19F-5DAC3A0B9910}.Release|Any CPU.ActiveCfg = Release|Win32
		{63FDBCCD-8254-479C-A19F-5DAC3A0B9910}.Release|Win32.ActiveCfg = Release|Win32
		{63FDBCCD-8254-479C-A19F-5DAC3A0B9910}.Release|Win32.Build.0 = Release|Win32
		{63FDBCCD-8254-479C-A19F-5DAC3A0B9910}.Release|x64.ActiveCfg = Release|x64
		{63FDBCCD-8254-479C-A19F-5DAC3A0B9910}.Release|x64.Build.0 = Release|x64
		{C8BB29A7-CC21-4811-95DE-14C24A64DF5E}.Debug|Any CPU.ActiveCfg = Debug|Win32
		{C8BB29A7-CC21-4811-95DE-14C24A64DF5E}.Debug|Win32.ActiveCfg = Debug|Win32
		{C8BB29A7-CC21-4811-95DE-14C24A64DF5E}.Debug|Win32.Build.0 = Debug|Win32
		{C8BB29A7-CC21-4811-95DE-14C24A64DF5E}.Debug|x64.ActiveCfg = Debug|x64
		{C8BB29A7-CC21-4811-95DE-14C24A64DF5E}.Debug|x64.Build.0 = Debug|x64
		{C8BB29A7-CC21-4811-95DE-14C24A64DF5E}.Release|Any CPU.ActiveCfg = Release|Win32
		{C8BB29A7-CC21-4811-95DE-14C24A64DF5E}.Release|Win32.ActiveCfg = Release|Win32
		{C8BB29A7-CC21-4811-95DE-14C24A64DF5E}.Release|Win32.Build.0 = Release|Win32
		{C8BB29A7-CC21-4811-95DE-14C24A64DF5E}.Release|x64.ActiveCfg = Release|x64
		{C8BB29A7-CC21-4811-95DE-14C24A64DF5E}.Release|x64.Build.0 = Release|x64
		{C9ED4948-CA5B-4E8A-A4A8-EF54C13B19EA}.Debug|Any CPU.ActiveCfg = Debug|Win32
		{C9ED4948-CA5B-4E8A-A4A8-EF54C13B19EA}.Debug|Win32.ActiveCfg = Debug|Win32
		{C9ED4948-CA5B-4E8A-A4A8-EF54C13B19EA}.Debug|Win32.Build.0 = Debug|Win32
		{C9ED4948-CA5B-4E8A-A4A8-EF54C13B19EA}.Debug|x64.ActiveCfg = Debug|x64
		{C9ED4948-CA5B-4E8A-A4A8-EF54C13B19EA}.Debug|x64.Build.0 = Debug|x64
		{C9ED4948-CA5B-4E8A-A4A8-EF54C13B19EA}.Release|Any CPU.ActiveCfg = Release|Win32
		{C9ED4948-CA5B-4E8A-A4A8-EF54C13B19EA}.Release|Win32.ActiveCfg = Release|Win32
		{C9ED4948-CA5B-4E8A-A4A8-EF54C13B19EA}.Release|Win32.Build.0 = Release|Win32
		{C9ED4948-CA5B-4E8A-A4A8-EF54C13B19EA}.Release|x64.ActiveCfg = Release|x64
		{C9ED4948-CA5B-4E8A-A4A8-EF54C13B19EA}.Release|x64.Build.0 = Release|x64
		{FC64F4D2-65AA-45EE-8361-5BF7D338B424}.Debug|Any CPU.ActiveCfg = Debug|Win32
		{FC64F4D2-65AA-45EE-8361-5BF7D338B424}.Debug|Win32.ActiveCfg = Debug|Win32
		{FC64F4D2-65AA-45EE-8361-5BF7D338B424}.Debug|Win32.Build.0 = Debug|Win32
		{FC64F4D2-65AA-45EE-8361-5BF7D338B424}.Debug|x64.ActiveCfg = Debug|x64
		{FC64F4D2-65AA-45EE-8361-5BF7D338B424}.Debug|x64.Build.0 = Debug|x64
		{FC64F4D2-65AA-45EE-8361-5BF7D338B424}.Release|Any CPU.ActiveCfg = Release|Win32
		{FC64F4D2-65AA-45EE-8361-5BF7D338B424}.Release|Win32.ActiveCfg = Release|Win32
		{FC64F4D2-65AA-45EE-8361-5BF7D338B424}.Release|Win32.Build.0 = Release|Win32
		{FC64F4D2-65AA-45EE-8361-5BF7D338B424}.Release|x64.ActiveCfg = Release|x64
		{FC64F4D2-65AA-45EE-8361-5BF7D338B424}.Release|x64.Build.0 = Release|x64
		{E76AE57A-6F95-4533-9C4E-FBDF01E502DC}.Debug|Any CPU.ActiveCfg = Debug|Win32
		{E76AE57A-6F95-4533-9C4E-FBDF01E502DC}.Debug|Win32.ActiveCfg = Debug|Win32
		{E76AE57A-6F95-4533-9C4E-FBDF01E502DC}.Debug|Win32.Build.0 = Debug|Win32
		{E76AE57A-6F95-4533-9C4E-FBDF01E502DC}.Debug|x64.ActiveCfg = Debug|x64
		{E76AE57A-6F95-4533-9C4E-FBDF01E502DC}.Debug|x64.Build.0 = Debug|x64
		{E76AE57A-6F95-4533-9C4E-FBDF01E502DC}.Release|Any CPU.ActiveCfg = Release|Win32
		{E76AE57A-6F95-4533-9C4E-FBDF01E502DC}.Release|Win32.ActiveCfg = Release|Win32
		{E76AE57A-6F95-4533-9C4E-FBDF01E502DC}.Release|Win32.Build.0 = Release|Win32
		{E76AE57A-6F95-4533-9C4E-FBDF01E502DC}.Release|x64.ActiveCfg = Release|x64
		{E76AE57A-6F95-4533-9C4E-FBDF01E502DC}.Release|x64.Build.0 = Release|x64
		{2C530E68-D228-48EE-9211-A3E77D71680C}.Debug|Any CPU.ActiveCfg = Debug|Win32
		{2C530E68-D228-48EE-9211-A3E77D71680C}.Debug|Win32.ActiveCfg = Debug|Win32
		{2C530E68-D228-48EE-9211-A3E77D71680C}.Debug|Win32.Build.0 = Debug|Win32
		{2C530E68-D228-48EE-9211-A3E77D71680C}.Debug|x64.ActiveCfg = Debug|x64
		{2C530E68-D228-48EE-9211-A3E77D71680C}.Debug|x64.Build.0 = Debug|x64
		{2C530E68-D228-48EE-9211-A3E77D71680C}.Release|Any CPU.ActiveCfg = Release|Win32
		{2C530E68-D228-48EE-9211-A3E77D71680C}.Release|Win32.ActiveCfg = Release|Win32
		{2C530E68-D228-48EE-9211-A3E77D71680C}.Release|Win32.Build.0 = Release|Win32
		{2C530E68-D228-48EE-9211-A3E77D71680C}.Release|x64.ActiveCfg = Release|x64
		{2C530E68-D228-48EE-9211-A3E77D71680C}.Release|x64.Build.0 = Release|x64
		{A0141B50-D29E-4195-A198-3EEC7CC56210}.Debug|Any CPU.ActiveCfg = Debug|Win32
		{A0141B50-D29E-4195-A198-3EEC7CC56210}.Debug|Win32.ActiveCfg = Debug|Win32
		{A0141B50-D29E-4195-A198-3EEC7CC56210}.Debug|Win32.Build.0 = Debug|Win32
		{A0141B50-D29E-4195-A198-3EEC7CC56210}.Debug|x64.ActiveCfg = Debug|x64
		{A0141B50-D29E-4195-A198-3EEC7CC56210}.Debug|x64.Build.0 = Debug|x64
		{A0141B50-D29E-4195-A198-3EEC7CC56210}.Release|Any CPU.ActiveCfg = Release|Win32
		{A0141B50-D29E-4195-A198-3EEC7CC56210}.Release|Win32.ActiveCfg = Release|Win32
		{A0141B50-D29E-4195-A198-3EEC7CC56210}.Release|Win32.Build.0 = Release|Win32
		{A0141B50-D29E-4195-A198-3EEC7CC56210}.Release|x64.ActiveCfg = Release|x64
		{A0141B50-D29E-4195-A198-3EEC7CC56210}.Release|x64.Build.0 = Release|x64
		{7C297DB2-0EE0-4DF7-861B-112E3DD22556}.Debug|Any CPU.ActiveCfg = Debug|Win32
		{7C297DB2-0EE0-4DF7-861B-112E3DD22556}.Debug|Win32.ActiveCfg = Debug|Win32
		{7C297DB2-0EE0-4DF7-861B-112E3DD22556}.Debug|Win32.Build.0 = Debug|Win32
		{7C297DB2-0EE0-4DF7-861B-112E3DD22556}.Debug|x64.ActiveCfg = Debug|x64
		{7C297DB2-0EE0-4DF7-861B-112E3DD22556}.Debug|x64.Build.0 = Debug|x64
		{7C297DB2-0EE0-4DF7-861B-112E3DD22556}.Release|Any CPU.ActiveCfg = Release|Win32
		{7C297DB2-0EE0-4DF7-861B-112E3DD22556}.Release|Win32.ActiveCfg = Release|Win32
		{7C297DB2-0EE0-4DF7-861B-112E3DD22556}.Release|Win32.Build.0 = Release|Win32
		{7C297DB2-0EE0-4DF7-861B-112E3DD22556}.Release|x64.ActiveCfg = Release|x64
		{7C297DB2-0EE0-4DF7-861B-112E3DD22556}.Release|x64.Build.0 = Release|x64
		{644161BD-57C3-43A8-92F4-7545799C1CD4}.Debug|Any CPU.ActiveCfg = Debug|Win32
		{644161BD-57C3-43A8-92F4-7545799C1CD4}.Debug|Win32.ActiveCfg = Debug|Win32
		{644161BD-57C3-43A8-92F4-7545799C1CD4}.Debug|Win32.Build.0 = Debug|Win32
		{644161BD-57C3-43A8-92F4-7545799C1CD4}.Debug|x64.ActiveCfg = Debug|x64
		{644161BD-57C3-43A8-92F4-7545799C1CD4}.Debug|x64.Build.0 = Debug|x64
		{644161BD-57C3-43A8-92F4-7545799C1CD4}.Release|Any CPU.ActiveCfg = Release|Win32
		{644161BD-57C3-43A8-92F4-7545799C1CD4}.Release|Win32.ActiveCfg = Release|Win32
		{644161BD-57C3-43A8-92F4-7545799C1CD4}.Release|Win32.Build.0 = Release|Win32
		{644161BD-57C3-43A8-92F4-7545799C1CD4}.Release|x64.ActiveCfg = Release|x64
		{644161BD-57C3-43A8-92F4-7545799C1CD4}.Release|x64.Build.0 = Release|x64
		{EECD5583-42BB-4A10-AF3B-4DC5CF419071}.Debug|Any CPU.ActiveCfg = Debug|x64
		{EECD5583-42BB-4A10-AF3B-4DC5CF419071}.Debug|Any CPU.Build.0 = Debug|x64
		{EECD5583-42BB-4A10-AF3B-4DC5CF419071}.Debug|Win32.ActiveCfg = Debug|Win32
		{EECD5583-42BB-4A10-AF3B-4DC5CF419071}.Debug|Win32.Build.0 = Debug|Win32
		{EECD5583-42BB-4A10-AF3B-4DC5CF419071}.Debug|x64.ActiveCfg = Debug|x64
		{EECD5583-42BB-4A10-AF3B-4DC5CF419071}.Debug|x64.Build.0 = Debug|x64
		{EECD5583-42BB-4A10-AF3B-4DC5CF419071}.Release|Any CPU.ActiveCfg = Release|x64
		{EECD5583-42BB-4A10-AF3B-4DC5CF419071}.Release|Any CPU.Build.0 = Release|x64
		{EECD5583-42BB-4A10-AF3B-4DC5CF419071}.Release|Win32.ActiveCfg = Release|Win32
		{EECD5583-42BB-4A10-AF3B-4DC5CF419071}.Release|Win32.Build.0 = Release|Win32
		{EECD5583-42BB-4A10-AF3B-4DC5CF419071}.Release|x64.ActiveCfg = Release|x64
		{EECD5583-42BB-4A10-AF3B-4DC5CF419071}.Release|x64.Build.0 = Release|x64
		{7B513404-5306-4F79-9124-FE588042858C}.Debug|Any CPU.ActiveCfg = Debug|x64
		{7B513404-5306-4F79-9124-FE588042858C}.Debug|Any CPU.Build.0 = Debug|x64
		{7B513404-5306-4F79-9124-FE588042858C}.Debug|Win32.ActiveCfg = Debug|Win32
		{7B513404-5306-4F79-9124-FE588042858C}.Debug|Win32.Build.0 = Debug|Win32
		{7B513404-5306-4F79-9124-FE588042858C}.Debug|x64.ActiveCfg = Debug|x64
		{7B513404-5306-4F79-9124-FE588042858C}.Debug|x64.Build.0 = Debug|x64
		{7B513404-5306-4F79-9124-FE588042858C}.Release|Any CPU.ActiveCfg = Release|x64
		{7B513404-5306-4F79-9124-FE588042858C}.Release|Any CPU.Build.0 = Release|x64
		{7B513404-5306-4F79-9124-FE588042858C}.Release|Win32.ActiveCfg = Release|Win32
		{7B513404-5306-4F79-9124-FE588042858C}.Release|Win32.Build.0 = Release|Win32
		{7B513404-5306-4F79-9124-FE588042858C}.Release|x64.ActiveCfg = Release|x64
		{7B513404-5306-4F79-9124-FE588042858C}.Release|x64.Build.0 = Release|x64
	EndGlobalSection
	GlobalSection(SolutionProperties) = preSolution
		HideSolutionNode = FALSE
	EndGlobalSection
	GlobalSection(NestedProjects) = preSolution
		{A338B6DF-8F61-4A29-9225-510235D795A0} = {DFBBE7C7-A0DF-4483-8B6B-2EDCDC67F4EA}
		{B72379BA-EAE0-34E1-8D1B-8B57149215EC} = {DFBBE7C7-A0DF-4483-8B6B-2EDCDC67F4EA}
		{1BA5A886-6EC9-434A-8B66-AF29211B4499} = {CA214231-A8B6-4FBA-B3AE-3FE5CAF64A38}
		{7C58891C-47A9-4269-97BE-4F3945B8F595} = {CA214231-A8B6-4FBA-B3AE-3FE5CAF64A38}
		{2D9B2EB8-CA93-410C-9359-CD44B5F9DD18} = {CA214231-A8B6-4FBA-B3AE-3FE5CAF64A38}
		{F776960F-269A-4987-BE98-4EA1279F79D5} = {CA214231-A8B6-4FBA-B3AE-3FE5CAF64A38}
		{F501313D-9C68-4164-80C3-E21CA3837E47} = {F776960F-269A-4987-BE98-4EA1279F79D5}
		{63FDBCCD-8254-479C-A19F-5DAC3A0B9910} = {F776960F-269A-4987-BE98-4EA1279F79D5}
		{C8BB29A7-CC21-4811-95DE-14C24A64DF5E} = {F776960F-269A-4987-BE98-4EA1279F79D5}
		{C9ED4948-CA5B-4E8A-A4A8-EF54C13B19EA} = {F776960F-269A-4987-BE98-4EA1279F79D5}
		{FC64F4D2-65AA-45EE-8361-5BF7D338B424} = {BC13654D-7D7A-4A09-89B5-0377ED267482}
		{E76AE57A-6F95-4533-9C4E-FBDF01E502DC} = {BC13654D-7D7A-4A09-89B5-0377ED267482}
		{2C530E68-D228-48EE-9211-A3E77D71680C} = {BC13654D-7D7A-4A09-89B5-0377ED267482}
		{A0141B50-D29E-4195-A198-3EEC7CC56210} = {BC13654D-7D7A-4A09-89B5-0377ED267482}
		{7C297DB2-0EE0-4DF7-861B-112E3DD22556} = {DFBBE7C7-A0DF-4483-8B6B-2EDCDC67F4EA}
		{EECD5583-42BB-4A10-AF3B-4DC5CF419071} = {F776960F-269A-4987-BE98-4EA1279F79D5}
		{7B513404-5306-4F79-9124-FE588042858C} = {F776960F-269A-4987-BE98-4EA1279F79D5}
	EndGlobalSection
	GlobalSection(ExtensibilityGlobals) = postSolution
		Qt5Version = Qt_5.14_msvc64
		SolutionGuid = {0D846CBC-2353-409E-B512-D9DF7822A67A}
	EndGlobalSection
EndGlobal
