<?xml version="1.0" encoding="utf-8"?>
<Project ToolsVersion="4.0" xmlns="http://schemas.microsoft.com/developer/msbuild/2003">
  <ItemGroup>
    <ClCompile Include="main.cpp" />
    <ClCompile Include="http\httpconnectionhandler.cpp">
      <Filter>Source Files\http</Filter>
    </ClCompile>
    <ClCompile Include="http\httpconnectionhandlerpool.cpp">
      <Filter>Source Files\http</Filter>
    </ClCompile>
    <ClCompile Include="http\httpcookie.cpp">
      <Filter>Source Files\http</Filter>
    </ClCompile>
    <ClCompile Include="http\httpglobal.cpp">
      <Filter>Source Files\http</Filter>
    </ClCompile>
    <ClCompile Include="http\httplistener.cpp">
      <Filter>Source Files\http</Filter>
    </ClCompile>
    <ClCompile Include="http\httprequest.cpp">
      <Filter>Source Files\http</Filter>
    </ClCompile>
    <ClCompile Include="http\httprequesthandler.cpp">
      <Filter>Source Files\http</Filter>
    </ClCompile>
    <ClCompile Include="http\httpresponse.cpp">
      <Filter>Source Files\http</Filter>
    </ClCompile>
    <ClCompile Include="http\httpsession.cpp">
      <Filter>Source Files\http</Filter>
    </ClCompile>
    <ClCompile Include="http\httpsessionstore.cpp">
      <Filter>Source Files\http</Filter>
    </ClCompile>
    <ClCompile Include="templateengine\template.cpp">
      <Filter>Source Files</Filter>
    </ClCompile>
    <ClCompile Include="templateengine\templatecache.cpp">
      <Filter>Source Files</Filter>
    </ClCompile>
    <ClCompile Include="templateengine\templateloader.cpp">
      <Filter>Source Files</Filter>
    </ClCompile>
    <ClCompile Include="requestmapper.cpp">
      <Filter>Source Files</Filter>
    </ClCompile>
    <ClCompile Include="global.cpp">
      <Filter>Source Files</Filter>
    </ClCompile>
    <ClCompile Include="ServiceManager.cpp">
      <Filter>Source Files</Filter>
    </ClCompile>
    <ClCompile Include="utils.cpp">
      <Filter>Source Files</Filter>
    </ClCompile>
    <ClCompile Include="controller\dumpcontroller.cpp">
      <Filter>Source Files\controller</Filter>
    </ClCompile>
    <ClCompile Include="controller\fileuploadcontroller.cpp">
      <Filter>Source Files\controller</Filter>
    </ClCompile>
    <ClCompile Include="controller\formcontroller.cpp">
      <Filter>Source Files\controller</Filter>
    </ClCompile>
    <ClCompile Include="controller\templatecontroller.cpp">
      <Filter>Source Files\controller</Filter>
    </ClCompile>
    <ClCompile Include="controller\sessioncontroller.cpp">
      <Filter>Source Files\controller</Filter>
    </ClCompile>
    <ClCompile Include="controller\schemacontroller.cpp">
      <Filter>Source Files\controller</Filter>
    </ClCompile>
    <ClCompile Include="controller\cobolcontroller.cpp">
      <Filter>Source Files\controller</Filter>
    </ClCompile>
    <ClCompile Include="RuntimeHelper.cpp">
      <Filter>Source Files</Filter>
    </ClCompile>
    <ClCompile Include="http\staticfilecontroller.cpp">
      <Filter>Source Files\controller</Filter>
    </ClCompile>
    <ClCompile Include="HttpDataManager.cpp">
      <Filter>Source Files</Filter>
    </ClCompile>
    <ClCompile Include="ServiceModuleInfo.cpp">
      <Filter>Source Files</Filter>
    </ClCompile>
    <ClCompile Include="JsonManager.cpp">
      <Filter>Source Files</Filter>
    </ClCompile>
    <ClCompile Include="ExternalInterfaceData.cpp">
      <Filter>Source Files</Filter>
    </ClCompile>
  </ItemGroup>
  <ItemGroup>
    <Filter Include="Resource Files">
      <UniqueIdentifier>{D9D6E242-F8AF-46E4-B9FD-80ECBC20BA3E}</UniqueIdentifier>
      <Extensions>qrc;*</Extensions>
      <ParseFiles>false</ParseFiles>
    </Filter>
    <Filter Include="Source Files">
      <UniqueIdentifier>{4FC737F1-C7A5-4376-A066-2A32D752A2FF}</UniqueIdentifier>
      <Extensions>cpp;c;cc;cxx;def;odl;idl;hpj;bat;asm;asmx</Extensions>
      <ParseFiles>true</ParseFiles>
    </Filter>
    <Filter Include="Header Files">
      <UniqueIdentifier>{93995380-89BD-4b04-88EB-625FBE52EBFB}</UniqueIdentifier>
      <Extensions>h;hh;hpp;hxx;hm;inl;inc;xsd</Extensions>
      <ParseFiles>true</ParseFiles>
    </Filter>
    <Filter Include="Header Files\http">
      <UniqueIdentifier>{3e09568d-1b2c-4b0f-8905-c08468c400c2}</UniqueIdentifier>
    </Filter>
    <Filter Include="Source Files\http">
      <UniqueIdentifier>{13c030b4-19d0-44a3-acc6-a5b795476b8e}</UniqueIdentifier>
    </Filter>
    <Filter Include="Source Files\controller">
      <UniqueIdentifier>{ebdc9ebf-a2df-4da7-9de2-5ea1e741f385}</UniqueIdentifier>
    </Filter>
    <Filter Include="Header Files\controller">
      <UniqueIdentifier>{6026dfd5-9963-47d8-8d18-7b6ac736223d}</UniqueIdentifier>
    </Filter>
  </ItemGroup>
  <ItemGroup>
    <QtMoc Include="http\httpconnectionhandler.h">
      <Filter>Header Files\http</Filter>
    </QtMoc>
    <QtMoc Include="http\httpconnectionhandlerpool.h">
      <Filter>Header Files\http</Filter>
    </QtMoc>
    <QtMoc Include="http\httplistener.h">
      <Filter>Header Files\http</Filter>
    </QtMoc>
    <QtMoc Include="http\httprequesthandler.h">
      <Filter>Header Files\http</Filter>
    </QtMoc>
    <QtMoc Include="http\httpsessionstore.h">
      <Filter>Header Files\http</Filter>
    </QtMoc>
    <QtMoc Include="templateengine\templatecache.h">
      <Filter>Header Files</Filter>
    </QtMoc>
    <QtMoc Include="templateengine\templateloader.h">
      <Filter>Header Files</Filter>
    </QtMoc>
    <QtMoc Include="requestmapper.h">
      <Filter>Header Files</Filter>
    </QtMoc>
    <QtMoc Include="controller\dumpcontroller.h">
      <Filter>Header Files\controller</Filter>
    </QtMoc>
    <QtMoc Include="controller\fileuploadcontroller.h">
      <Filter>Header Files\controller</Filter>
    </QtMoc>
    <QtMoc Include="controller\formcontroller.h">
      <Filter>Header Files\controller</Filter>
    </QtMoc>
    <QtMoc Include="controller\sessioncontroller.h">
      <Filter>Header Files\controller</Filter>
    </QtMoc>
    <QtMoc Include="controller\templatecontroller.h">
      <Filter>Header Files\controller</Filter>
    </QtMoc>
    <QtMoc Include="controller\schemacontroller.h">
      <Filter>Header Files\controller</Filter>
    </QtMoc>
    <QtMoc Include="controller\cobolcontroller.h">
      <Filter>Header Files\controller</Filter>
    </QtMoc>
    <QtMoc Include="http\staticfilecontroller.h">
      <Filter>Header Files\controller</Filter>
    </QtMoc>
  </ItemGroup>
  <ItemGroup>
    <ClInclude Include="http\httpcookie.h">
      <Filter>Header Files\http</Filter>
    </ClInclude>
    <ClInclude Include="http\httpglobal.h">
      <Filter>Header Files\http</Filter>
    </ClInclude>
    <ClInclude Include="http\httprequest.h">
      <Filter>Header Files\http</Filter>
    </ClInclude>
    <ClInclude Include="http\httpresponse.h">
      <Filter>Header Files\http</Filter>
    </ClInclude>
    <ClInclude Include="http\httpsession.h">
      <Filter>Header Files\http</Filter>
    </ClInclude>
    <ClInclude Include="templateengine\template.h">
      <Filter>Header Files</Filter>
    </ClInclude>
    <ClInclude Include="templateengine\templateglobal.h">
      <Filter>Header Files</Filter>
    </ClInclude>
    <ClInclude Include="global.h">
      <Filter>Header Files</Filter>
    </ClInclude>
    <ClInclude Include="documentcache.h">
      <Filter>Header Files</Filter>
    </ClInclude>
    <ClInclude Include="ServiceManager.h">
      <Filter>Header Files</Filter>
    </ClInclude>
    <ClInclude Include="main.h">
      <Filter>Header Files</Filter>
    </ClInclude>
    <ClInclude Include="utils.h">
      <Filter>Header Files</Filter>
    </ClInclude>
    <ClInclude Include="RuntimeHelper.h">
      <Filter>Header Files</Filter>
    </ClInclude>
    <ClInclude Include="HttpDataManager.h">
      <Filter>Header Files</Filter>
    </ClInclude>
    <ClInclude Include="ServiceModuleInfo.h">
      <Filter>Header Files</Filter>
    </ClInclude>
    <ClInclude Include="JsonManager.h">
      <Filter>Header Files</Filter>
    </ClInclude>
    <ClInclude Include="ExternalInterfaceData.h">
      <Filter>Header Files</Filter>
    </ClInclude>
  </ItemGroup>
  <ItemGroup>
    <None Include="gix-web-config.ini" />
  </ItemGroup>
</Project>