<?xml version="1.0" encoding="utf-8"?>
<Project ToolsVersion="4.0" xmlns="http://schemas.microsoft.com/developer/msbuild/2003">
  <ItemGroup>
    <Filter Include="Header Files">
      <UniqueIdentifier>{2592497b-8320-4533-b14a-76d586b4fd5b}</UniqueIdentifier>
    </Filter>
    <Filter Include="Source Files">
      <UniqueIdentifier>{2bb331df-371f-464f-961a-bf1ba0ec2cd3}</UniqueIdentifier>
    </Filter>
    <Filter Include="Form Files">
      <UniqueIdentifier>{891aaf8d-636c-4059-adc0-b3e6b9ed4ec9}</UniqueIdentifier>
    </Filter>
    <Filter Include="Resources">
      <UniqueIdentifier>{e5593a30-1bed-45a0-a338-ae9031f19c08}</UniqueIdentifier>
    </Filter>
    <Filter Include="Source Files\debugger">
      <UniqueIdentifier>{b58d7c4b-4606-49b3-8707-2fa183dc1472}</UniqueIdentifier>
    </Filter>
    <Filter Include="Source Files\debugger\drivers">
      <UniqueIdentifier>{4ac08453-4773-4a02-83ad-a2e40b7608c4}</UniqueIdentifier>
    </Filter>
    <Filter Include="Source Files\debugger\engine">
      <UniqueIdentifier>{fd016747-30b8-4e42-9223-a4e81fe0b2d0}</UniqueIdentifier>
    </Filter>
    <Filter Include="Header Files\debugger">
      <UniqueIdentifier>{bc71ef2d-1f7f-4565-a6ac-2c5fe95f0361}</UniqueIdentifier>
    </Filter>
    <Filter Include="Header Files\debugger\drivers">
      <UniqueIdentifier>{aa648e0a-5750-4fa1-b289-60a45f0f1e3c}</UniqueIdentifier>
    </Filter>
    <Filter Include="Header Files\debugger\engine">
      <UniqueIdentifier>{db94db18-5b03-42d9-b59b-63a4ecfced6f}</UniqueIdentifier>
    </Filter>
  </ItemGroup>
  <ItemGroup>
    <ClCompile Include="AddCompilerDialog.cpp">
      <Filter>Source Files</Filter>
    </ClCompile>
    <ClCompile Include="AddCompilerWizard.cpp">
      <Filter>Source Files</Filter>
    </ClCompile>
    <ClCompile Include="Changeling.cpp">
      <Filter>Source Files</Filter>
    </ClCompile>
    <ClCompile Include="CodeEditor.cpp">
      <Filter>Source Files</Filter>
    </ClCompile>
    <ClCompile Include="ConsoleWidget.cpp">
      <Filter>Source Files</Filter>
    </ClCompile>
    <ClCompile Include="ConsoleWindow.cpp">
      <Filter>Source Files</Filter>
    </ClCompile>
    <ClCompile Include="CustomDialog.cpp">
      <Filter>Source Files</Filter>
    </ClCompile>
    <ClCompile Include="DatabaseConnectionDialog.cpp">
      <Filter>Source Files</Filter>
    </ClCompile>
    <ClCompile Include="DataWindow.cpp">
      <Filter>Source Files</Filter>
    </ClCompile>
    <ClCompile Include="DbCodeGenerator.cpp">
      <Filter>Source Files</Filter>
    </ClCompile>
    <ClCompile Include="DbConnection.cpp">
      <Filter>Source Files</Filter>
    </ClCompile>
    <ClCompile Include="DbManagerWindow.cpp">
      <Filter>Source Files</Filter>
    </ClCompile>
    <ClCompile Include="DependenciesWindow.cpp">
      <Filter>Source Files</Filter>
    </ClCompile>
    <ClCompile Include="DragDropTableWidget.cpp">
      <Filter>Source Files</Filter>
    </ClCompile>
    <ClCompile Include="DragDropTreeWidget.cpp">
      <Filter>Source Files</Filter>
    </ClCompile>
    <ClCompile Include="ElidedLabel.cpp">
      <Filter>Source Files</Filter>
    </ClCompile>
    <ClCompile Include="GixVersion.cpp">
      <Filter>Source Files</Filter>
    </ClCompile>
    <ClCompile Include="Ide.cpp">
      <Filter>Source Files</Filter>
    </ClCompile>
    <ClCompile Include="IdeDbManager.cpp">
      <Filter>Source Files</Filter>
    </ClCompile>
    <ClCompile Include="IdeLogManager.cpp">
      <Filter>Source Files</Filter>
    </ClCompile>
    <ClCompile Include="IdeSearchManager.cpp">
      <Filter>Source Files</Filter>
    </ClCompile>
    <ClCompile Include="IdeStatusSyncSetter.cpp">
      <Filter>Source Files</Filter>
    </ClCompile>
    <ClCompile Include="IdeTaskManager.cpp">
      <Filter>Source Files</Filter>
    </ClCompile>
    <ClCompile Include="main.cpp">
      <Filter>Source Files</Filter>
    </ClCompile>
    <ClCompile Include="MainWindow.cpp">
      <Filter>Source Files</Filter>
    </ClCompile>
    <ClCompile Include="MdiChild.cpp">
      <Filter>Source Files</Filter>
    </ClCompile>
    <ClCompile Include="NavigationWindow.cpp">
      <Filter>Source Files</Filter>
    </ClCompile>
    <ClCompile Include="NewProjectDialog.cpp">
      <Filter>Source Files</Filter>
    </ClCompile>
    <ClCompile Include="OutputWindow.cpp">
      <Filter>Source Files</Filter>
    </ClCompile>
    <ClCompile Include="ProjectCollectionWindow.cpp">
      <Filter>Source Files</Filter>
    </ClCompile>
    <ClCompile Include="ProjectDependencyTracker.cpp">
      <Filter>Source Files</Filter>
    </ClCompile>
    <ClCompile Include="PropertyOptionsDialog.cpp">
      <Filter>Source Files</Filter>
    </ClCompile>
    <ClCompile Include="PropertyWindow.cpp">
      <Filter>Source Files</Filter>
    </ClCompile>
    <ClCompile Include="ProtectedLineEdit.cpp">
      <Filter>Source Files</Filter>
    </ClCompile>
    <ClCompile Include="RestOptionsDialog.cpp">
      <Filter>Source Files</Filter>
    </ClCompile>
    <ClCompile Include="SearchDialog.cpp">
      <Filter>Source Files</Filter>
    </ClCompile>
    <ClCompile Include="SettingsDialog.cpp">
      <Filter>Source Files</Filter>
    </ClCompile>
    <ClCompile Include="SoapOptionsDialog.cpp">
      <Filter>Source Files</Filter>
    </ClCompile>
    <ClCompile Include="SqlMdiChild.cpp">
      <Filter>Source Files</Filter>
    </ClCompile>
    <ClCompile Include="StdStreamRedirect.cpp">
      <Filter>Source Files</Filter>
    </ClCompile>
    <ClCompile Include="TargetDefinition.cpp">
      <Filter>Source Files</Filter>
    </ClCompile>
    <ClCompile Include="UiUtils.cpp">
      <Filter>Source Files</Filter>
    </ClCompile>
    <ClCompile Include="WatchWindow.cpp">
      <Filter>Source Files</Filter>
    </ClCompile>
    <ClCompile Include="IDebugDriver.cpp">
      <Filter>Source Files\debugger\drivers</Filter>
    </ClCompile>
    <ClCompile Include="StandardDebugDriver.cpp">
      <Filter>Source Files\debugger\drivers</Filter>
    </ClCompile>
    <ClCompile Include="ExperimentalDebugDriver.cpp">
      <Filter>Source Files\debugger\drivers</Filter>
    </ClCompile>
    <ClCompile Include="..\gix-debugger-engine-common\BufferedStackWalker.cpp">
      <Filter>Source Files\debugger\engine</Filter>
    </ClCompile>
    <ClCompile Include="..\gix-debugger-engine-common\CodeviewSymbolProvider.cpp">
      <Filter>Source Files\debugger\engine</Filter>
    </ClCompile>
    <ClCompile Include="..\gix-debugger-engine-common\comp_helper.cpp">
      <Filter>Source Files\debugger\engine</Filter>
    </ClCompile>
    <ClCompile Include="..\gix-debugger-engine-common\DwarfSymbolProvider.cpp">
      <Filter>Source Files\debugger\engine</Filter>
    </ClCompile>
    <ClCompile Include="..\gix-debugger-engine-common\GixDebugger.cpp">
      <Filter>Source Files\debugger\engine</Filter>
    </ClCompile>
    <ClCompile Include="..\gix-debugger-engine-common\GixDebuggerWin.cpp">
      <Filter>Source Files\debugger\engine</Filter>
    </ClCompile>
    <ClCompile Include="..\gix-debugger-engine-common\StackWalker.cpp">
      <Filter>Source Files\debugger\engine</Filter>
    </ClCompile>
    <ClCompile Include="..\gix-debugger-engine-common\SymbolBufferReader.cpp">
      <Filter>Source Files\debugger\engine</Filter>
    </ClCompile>
    <ClCompile Include="DebugDriverFactory.cpp">
      <Filter>Source Files\debugger</Filter>
    </ClCompile>
    <ClCompile Include="DebugDriverUtils.cpp">
      <Filter>Source Files\debugger</Filter>
    </ClCompile>
    <ClCompile Include="DebugManager.cpp">
      <Filter>Source Files\debugger</Filter>
    </ClCompile>
  </ItemGroup>
  <ItemGroup>
    <QtMoc Include="AddCompilerDialog.h">
      <Filter>Header Files</Filter>
    </QtMoc>
    <QtMoc Include="Changeling.h">
      <Filter>Header Files</Filter>
    </QtMoc>
    <QtMoc Include="CodeEditor.h">
      <Filter>Header Files</Filter>
    </QtMoc>
    <QtMoc Include="ConsoleWidget.h">
      <Filter>Header Files</Filter>
    </QtMoc>
    <QtMoc Include="ConsoleWindow.h">
      <Filter>Header Files</Filter>
    </QtMoc>
    <QtMoc Include="CustomDialog.h">
      <Filter>Header Files</Filter>
    </QtMoc>
    <QtMoc Include="DatabaseConnectionDialog.h">
      <Filter>Header Files</Filter>
    </QtMoc>
    <QtMoc Include="DbManagerWindow.h">
      <Filter>Header Files</Filter>
    </QtMoc>
    <QtMoc Include="DebugManager.h">
      <Filter>Header Files</Filter>
    </QtMoc>
    <QtMoc Include="DragDropTableWidget.h">
      <Filter>Header Files</Filter>
    </QtMoc>
    <QtMoc Include="DragDropTreeWidget.h">
      <Filter>Header Files</Filter>
    </QtMoc>
    <QtMoc Include="ElidedLabel.h">
      <Filter>Header Files</Filter>
    </QtMoc>
    <QtMoc Include="IdeDbManager.h">
      <Filter>Header Files</Filter>
    </QtMoc>
    <QtMoc Include="IdeLogManager.h">
      <Filter>Header Files</Filter>
    </QtMoc>
    <QtMoc Include="IdeSearchManager.h">
      <Filter>Header Files</Filter>
    </QtMoc>
    <QtMoc Include="IdeTaskManager.h">
      <Filter>Header Files</Filter>
    </QtMoc>
    <QtMoc Include="MainWindow.h">
      <Filter>Header Files</Filter>
    </QtMoc>
    <QtMoc Include="MdiChild.h">
      <Filter>Header Files</Filter>
    </QtMoc>
    <QtMoc Include="NavigationWindow.h">
      <Filter>Header Files</Filter>
    </QtMoc>
    <QtMoc Include="NewProjectDialog.h">
      <Filter>Header Files</Filter>
    </QtMoc>
    <QtMoc Include="ProjectCollectionWindow.h">
      <Filter>Header Files</Filter>
    </QtMoc>
    <QtMoc Include="ProjectDependencyTracker.h">
      <Filter>Header Files</Filter>
    </QtMoc>
    <QtMoc Include="PropertyOptionsDialog.h">
      <Filter>Header Files</Filter>
    </QtMoc>
    <QtMoc Include="PropertyWindow.h">
      <Filter>Header Files</Filter>
    </QtMoc>
    <QtMoc Include="SearchDialog.h">
      <Filter>Header Files</Filter>
    </QtMoc>
    <QtMoc Include="SettingsDialog.h">
      <Filter>Header Files</Filter>
    </QtMoc>
    <QtMoc Include="StdStreamRedirect.h">
      <Filter>Header Files</Filter>
    </QtMoc>
    <QtMoc Include="StandardDebugDriver.h">
      <Filter>Header Files\debugger\drivers</Filter>
    </QtMoc>
    <QtMoc Include="ExperimentalDebugDriver.h">
      <Filter>Header Files\debugger\drivers</Filter>
    </QtMoc>
    <QtMoc Include="IDebugDriver.h">
      <Filter>Header Files\debugger\drivers</Filter>
    </QtMoc>
  </ItemGroup>
  <ItemGroup>
    <ClInclude Include="AddCompilerWizard.h">
      <Filter>Header Files</Filter>
    </ClInclude>
    <ClInclude Include="boolinq.h">
      <Filter>Header Files</Filter>
    </ClInclude>
    <ClInclude Include="DataWindow.h">
      <Filter>Header Files</Filter>
    </ClInclude>
    <ClInclude Include="DbCodeGenerator.h">
      <Filter>Header Files</Filter>
    </ClInclude>
    <ClInclude Include="DbConnection.h">
      <Filter>Header Files</Filter>
    </ClInclude>
    <ClInclude Include="DependenciesWindow.h">
      <Filter>Header Files</Filter>
    </ClInclude>
    <ClInclude Include="EolMode.h">
      <Filter>Header Files</Filter>
    </ClInclude>
    <ClInclude Include="GixVersion.h">
      <Filter>Header Files</Filter>
    </ClInclude>
    <ClInclude Include="Ide.h">
      <Filter>Header Files</Filter>
    </ClInclude>
    <ClInclude Include="IdeStatus.h">
      <Filter>Header Files</Filter>
    </ClInclude>
    <ClInclude Include="IdeStatusSyncSetter.h">
      <Filter>Header Files</Filter>
    </ClInclude>
    <ClInclude Include="IPersistableProjectItem.h">
      <Filter>Header Files</Filter>
    </ClInclude>
    <ClInclude Include="NoWheelComboBox.h">
      <Filter>Header Files</Filter>
    </ClInclude>
    <ClInclude Include="OutputWindow.h">
      <Filter>Header Files</Filter>
    </ClInclude>
    <ClInclude Include="ProtectedLineEdit.h">
      <Filter>Header Files</Filter>
    </ClInclude>
    <ClInclude Include="registers.hpp">
      <Filter>Header Files</Filter>
    </ClInclude>
    <ClInclude Include="resource.h">
      <Filter>Header Files</Filter>
    </ClInclude>
    <ClInclude Include="RestOptionsDialog.h">
      <Filter>Header Files</Filter>
    </ClInclude>
    <ClInclude Include="SoapOptionsDialog.h">
      <Filter>Header Files</Filter>
    </ClInclude>
    <ClInclude Include="SqlMdiChild.h">
      <Filter>Header Files</Filter>
    </ClInclude>
    <ClInclude Include="TargetDefinition.h">
      <Filter>Header Files</Filter>
    </ClInclude>
    <ClInclude Include="UiUtils.h">
      <Filter>Header Files</Filter>
    </ClInclude>
    <ClInclude Include="WatchWindow.h">
      <Filter>Header Files</Filter>
    </ClInclude>
    <ClInclude Include="DebugDriverFactory.h">
      <Filter>Header Files\debugger</Filter>
    </ClInclude>
    <ClInclude Include="DebugDriverUtils.h">
      <Filter>Header Files\debugger</Filter>
    </ClInclude>
    <ClInclude Include="..\gix-debugger-engine-common\BufferedStackWalker.h">
      <Filter>Header Files\debugger\engine</Filter>
    </ClInclude>
    <ClInclude Include="..\gix-debugger-engine-common\CodeviewSymbolProvider.h">
      <Filter>Header Files\debugger\engine</Filter>
    </ClInclude>
    <ClInclude Include="..\gix-debugger-engine-common\comp_helper.h">
      <Filter>Header Files\debugger\engine</Filter>
    </ClInclude>
    <ClInclude Include="..\gix-debugger-engine-common\DwarfSymbolProvider.h">
      <Filter>Header Files\debugger\engine</Filter>
    </ClInclude>
    <ClInclude Include="..\gix-debugger-engine-common\GixDebugger.h">
      <Filter>Header Files\debugger\engine</Filter>
    </ClInclude>
    <ClInclude Include="..\gix-debugger-engine-common\GixDebuggerWin.h">
      <Filter>Header Files\debugger\engine</Filter>
    </ClInclude>
    <ClInclude Include="..\gix-debugger-engine-common\StackWalker.h">
      <Filter>Header Files\debugger\engine</Filter>
    </ClInclude>
    <ClInclude Include="..\gix-debugger-engine-common\SymbolBufferReader.h">
      <Filter>Header Files\debugger\engine</Filter>
    </ClInclude>
  </ItemGroup>
  <ItemGroup>
    <QtUic Include="AddCompilerDialog.ui">
      <Filter>Form Files</Filter>
    </QtUic>
    <QtUic Include="gix-ide.ui">
      <Filter>Form Files</Filter>
    </QtUic>
    <QtUic Include="NewProject.ui">
      <Filter>Form Files</Filter>
    </QtUic>
    <QtUic Include="RestOptions.ui">
      <Filter>Form Files</Filter>
    </QtUic>
    <QtUic Include="Search.ui">
      <Filter>Form Files</Filter>
    </QtUic>
    <QtUic Include="Settings.ui">
      <Filter>Form Files</Filter>
    </QtUic>
    <QtUic Include="SoapOptions.ui">
      <Filter>Form Files</Filter>
    </QtUic>
  </ItemGroup>
  <ItemGroup>
    <QtRcc Include="icons.qrc">
      <Filter>Resources</Filter>
    </QtRcc>
    <QtRcc Include="templates.qrc">
      <Filter>Resources</Filter>
    </QtRcc>
  </ItemGroup>
  <ItemGroup>
    <None Include="gix-ide.rc.tpl" />
  </ItemGroup>
  <ItemGroup>
    <ResourceCompile Include="gix-ide.rc" />
  </ItemGroup>
</Project>